// !$*UTF8*$!
{
	archiveVersion = 1;
	classes = {
	};
	objectVersion = 46;
	objects = {

/* Begin PBXBuildFile section */
		560FA0D0137991AD0017EE25 /* UIKit.framework in Frameworks */ = {isa = PBXBuildFile; fileRef = 560FA0CF137991AD0017EE25 /* UIKit.framework */; };
		560FA0D2137991AD0017EE25 /* Foundation.framework in Frameworks */ = {isa = PBXBuildFile; fileRef = 560FA0D1137991AD0017EE25 /* Foundation.framework */; };
		560FA0D4137991AD0017EE25 /* CoreGraphics.framework in Frameworks */ = {isa = PBXBuildFile; fileRef = 560FA0D3137991AD0017EE25 /* CoreGraphics.framework */; };
		560FA0DA137991AE0017EE25 /* InfoPlist.strings in Resources */ = {isa = PBXBuildFile; fileRef = 560FA0D8137991AE0017EE25 /* InfoPlist.strings */; };
		560FA0DD137991AE0017EE25 /* main.m in Sources */ = {isa = PBXBuildFile; fileRef = 560FA0DC137991AE0017EE25 /* main.m */; };
		560FA0E0137991AE0017EE25 /* MoonlanderAppDelegate.m in Sources */ = {isa = PBXBuildFile; fileRef = 560FA0DF137991AE0017EE25 /* MoonlanderAppDelegate.m */; };
		560FA0E4137991AE0017EE25 /* MoonlanderAppDelegate_iPhone.m in Sources */ = {isa = PBXBuildFile; fileRef = 560FA0E3137991AE0017EE25 /* MoonlanderAppDelegate_iPhone.m */; };
		560FA0E7137991AE0017EE25 /* Moonlander_iPhone.xib in Resources */ = {isa = PBXBuildFile; fileRef = 560FA0E5137991AE0017EE25 /* Moonlander_iPhone.xib */; };
		560FA0EB137991AE0017EE25 /* MoonlanderAppDelegate_iPad.m in Sources */ = {isa = PBXBuildFile; fileRef = 560FA0EA137991AE0017EE25 /* MoonlanderAppDelegate_iPad.m */; };
		560FA0EE137991AE0017EE25 /* Moonlander_iPad.xib in Resources */ = {isa = PBXBuildFile; fileRef = 560FA0EC137991AE0017EE25 /* Moonlander_iPad.xib */; };
		560FA0F5137991AE0017EE25 /* UIKit.framework in Frameworks */ = {isa = PBXBuildFile; fileRef = 560FA0CF137991AD0017EE25 /* UIKit.framework */; };
		560FA0F6137991AE0017EE25 /* Foundation.framework in Frameworks */ = {isa = PBXBuildFile; fileRef = 560FA0D1137991AD0017EE25 /* Foundation.framework */; };
		560FA0F7137991AE0017EE25 /* CoreGraphics.framework in Frameworks */ = {isa = PBXBuildFile; fileRef = 560FA0D3137991AD0017EE25 /* CoreGraphics.framework */; };
		560FA0FF137991AE0017EE25 /* InfoPlist.strings in Resources */ = {isa = PBXBuildFile; fileRef = 560FA0FD137991AE0017EE25 /* InfoPlist.strings */; };
		560FA102137991AE0017EE25 /* MoonlanderTests.h in Resources */ = {isa = PBXBuildFile; fileRef = 560FA101137991AE0017EE25 /* MoonlanderTests.h */; };
		560FA104137991AE0017EE25 /* MoonlanderTests.m in Sources */ = {isa = PBXBuildFile; fileRef = 560FA103137991AE0017EE25 /* MoonlanderTests.m */; };
		560FA110137992E40017EE25 /* LanderPhysicsModel.m in Sources */ = {isa = PBXBuildFile; fileRef = 560FA10F137992E40017EE25 /* LanderPhysicsModel.m */; };
		560FA111137992E40017EE25 /* LanderPhysicsModel.m in Sources */ = {isa = PBXBuildFile; fileRef = 560FA10F137992E40017EE25 /* LanderPhysicsModel.m */; };
		560FA1371379BEAB0017EE25 /* LanderViewController_iPad.m in Sources */ = {isa = PBXBuildFile; fileRef = 560FA1351379BEAA0017EE25 /* LanderViewController_iPad.m */; };
		560FA1381379BEAB0017EE25 /* LanderViewController_iPad.m in Sources */ = {isa = PBXBuildFile; fileRef = 560FA1351379BEAA0017EE25 /* LanderViewController_iPad.m */; };
		560FA1391379BEAB0017EE25 /* LanderViewController_iPad.xib in Resources */ = {isa = PBXBuildFile; fileRef = 560FA1361379BEAA0017EE25 /* LanderViewController_iPad.xib */; };
		560FA13A1379BEAB0017EE25 /* LanderViewController_iPad.xib in Resources */ = {isa = PBXBuildFile; fileRef = 560FA1361379BEAA0017EE25 /* LanderViewController_iPad.xib */; };
		5613DDE8143A85F80059077A /* VGDialog.m in Sources */ = {isa = PBXBuildFile; fileRef = 5613DDE7143A85F80059077A /* VGDialog.m */; };
		5621703515392F1F0094122B /* Explosion.m in Sources */ = {isa = PBXBuildFile; fileRef = 5621703415392F1F0094122B /* Explosion.m */; };
		562B108A13841BAA00CC5C97 /* VGLabel.m in Sources */ = {isa = PBXBuildFile; fileRef = 562B108913841BAA00CC5C97 /* VGLabel.m */; };
		562B108D13841D5A00CC5C97 /* LanderMessages.plist in Resources */ = {isa = PBXBuildFile; fileRef = 562B108C13841D5A00CC5C97 /* LanderMessages.plist */; };
		562CB7BB137F3AE6003CB9B5 /* LargeLeftArrow.plist in Resources */ = {isa = PBXBuildFile; fileRef = 562CB7BA137F3AE6003CB9B5 /* LargeLeftArrow.plist */; };
		562F26A81417A22E0069169B /* Man.m in Sources */ = {isa = PBXBuildFile; fileRef = 562F26A71417A22E0069169B /* Man.m */; };
		564BE59E13800F3400D790D9 /* VGButton.m in Sources */ = {isa = PBXBuildFile; fileRef = 564BE59D13800F3400D790D9 /* VGButton.m */; };
		564BE5C413801C0F00D790D9 /* VGSlider.m in Sources */ = {isa = PBXBuildFile; fileRef = 564BE5C313801C0F00D790D9 /* VGSlider.m */; };
		564BE5C613801CAC00D790D9 /* ThrusterControl.plist in Resources */ = {isa = PBXBuildFile; fileRef = 564BE5C513801CAC00D790D9 /* ThrusterControl.plist */; };
		564EBC4D138349F2007D477C /* Flag.plist in Resources */ = {isa = PBXBuildFile; fileRef = 564EBC4C138349F2007D477C /* Flag.plist */; };
		564EBC4F13834A07007D477C /* Man.plist in Resources */ = {isa = PBXBuildFile; fileRef = 564EBC4E13834A07007D477C /* Man.plist */; };
		564EBC5113834A17007D477C /* McDonalds.plist in Resources */ = {isa = PBXBuildFile; fileRef = 564EBC5013834A17007D477C /* McDonalds.plist */; };
		5650B9EA153CB76900AEF4F2 /* ExplosionManager.m in Sources */ = {isa = PBXBuildFile; fileRef = 5650B9E9153CB76800AEF4F2 /* ExplosionManager.m */; };
		565B00E114447E400071231D /* AudioToolbox.framework in Frameworks */ = {isa = PBXBuildFile; fileRef = 5675E5D41425004400882CD8 /* AudioToolbox.framework */; };
		56678FCC139A7D4D00026588 /* OldLander.plist in Resources */ = {isa = PBXBuildFile; fileRef = 56678FCB139A7D4D00026588 /* OldLander.plist */; };
		56755FDA138C0B8200455B52 /* Lander.m in Sources */ = {isa = PBXBuildFile; fileRef = 56755FD9138C0B8200455B52 /* Lander.m */; };
		5675E5D51425004400882CD8 /* AudioToolbox.framework in Frameworks */ = {isa = PBXBuildFile; fileRef = 5675E5D41425004400882CD8 /* AudioToolbox.framework */; };
		5694D1D813920A8C00A61F22 /* Moon.m in Sources */ = {isa = PBXBuildFile; fileRef = 5694D1D713920A8C00A61F22 /* Moon.m */; };
		5695F1DA137F753B0075CD26 /* LargeRightArrow.plist in Resources */ = {isa = PBXBuildFile; fileRef = 5695F1D7137F753B0075CD26 /* LargeRightArrow.plist */; };
		5695F1DB137F753B0075CD26 /* SmallLeftArrow.plist in Resources */ = {isa = PBXBuildFile; fileRef = 5695F1D8137F753B0075CD26 /* SmallLeftArrow.plist */; };
		5695F1DC137F753B0075CD26 /* SmallRightArrow.plist in Resources */ = {isa = PBXBuildFile; fileRef = 5695F1D9137F753B0075CD26 /* SmallRightArrow.plist */; };
		569BB49C138398A2005E2C86 /* ThrusterNeedle.plist in Resources */ = {isa = PBXBuildFile; fileRef = 569BB49B138398A2005E2C86 /* ThrusterNeedle.plist */; };
		569CC2AA13809BED00E6D82A /* Moon.plist in Resources */ = {isa = PBXBuildFile; fileRef = 569CC2A913809BED00E6D82A /* Moon.plist */; };
		569CC2B31380CC3300E6D82A /* Rock.plist in Resources */ = {isa = PBXBuildFile; fileRef = 569CC2B21380CC3300E6D82A /* Rock.plist */; };
		56A480C3137C6C5500742877 /* LanderPhysicsConstants.m in Sources */ = {isa = PBXBuildFile; fileRef = 56A480C2137C6C5500742877 /* LanderPhysicsConstants.m */; };
		56B4D62D1417D9AF00029FC8 /* Flag.m in Sources */ = {isa = PBXBuildFile; fileRef = 56B4D62C1417D9AF00029FC8 /* Flag.m */; };
		56BC68641388BDE200403643 /* Labels.plist in Resources */ = {isa = PBXBuildFile; fileRef = 56BC68631388BDE200403643 /* Labels.plist */; };
		56C94AA913A7A7AE001B7EF9 /* Dust.m in Sources */ = {isa = PBXBuildFile; fileRef = 56C94AA813A7A7AE001B7EF9 /* Dust.m */; };
		56CE052F138B12A7004FA450 /* LanderMessage.m in Sources */ = {isa = PBXBuildFile; fileRef = 56CE052E138B12A7004FA450 /* LanderMessage.m */; };
		56CE0535138B5277004FA450 /* Telemetry.m in Sources */ = {isa = PBXBuildFile; fileRef = 56CE0534138B5277004FA450 /* Telemetry.m */; };
		56CE0538138B6C88004FA450 /* Instrument.m in Sources */ = {isa = PBXBuildFile; fileRef = 56CE0537138B6C88004FA450 /* Instrument.m */; };
		56E80E4C137E4CC3009E7F15 /* Lander.plist in Resources */ = {isa = PBXBuildFile; fileRef = 56E80E4B137E4CC3009E7F15 /* Lander.plist */; };
		56E80E60137E599E009E7F15 /* VGView.m in Sources */ = {isa = PBXBuildFile; fileRef = 56E80E5F137E599E009E7F15 /* VGView.m */; };
		56ECD94C1540E55E00565615 /* beep.caf in Resources */ = {isa = PBXBuildFile; fileRef = 56ECD94B1540E55E00565615 /* beep.caf */; };
/* End PBXBuildFile section */

/* Begin PBXContainerItemProxy section */
		560FA0F8137991AE0017EE25 /* PBXContainerItemProxy */ = {
			isa = PBXContainerItemProxy;
			containerPortal = 560FA0C2137991AD0017EE25 /* Project object */;
			proxyType = 1;
			remoteGlobalIDString = 560FA0CA137991AD0017EE25;
			remoteInfo = Moonlander;
		};
/* End PBXContainerItemProxy section */

/* Begin PBXFileReference section */
		560D212814115314000F3A22 /* README */ = {isa = PBXFileReference; fileEncoding = 4; lastKnownFileType = text; path = README; sourceTree = "<group>"; };
		560FA0CB137991AD0017EE25 /* Moonlander.app */ = {isa = PBXFileReference; explicitFileType = wrapper.application; includeInIndex = 0; path = Moonlander.app; sourceTree = BUILT_PRODUCTS_DIR; };
		560FA0CF137991AD0017EE25 /* UIKit.framework */ = {isa = PBXFileReference; lastKnownFileType = wrapper.framework; name = UIKit.framework; path = System/Library/Frameworks/UIKit.framework; sourceTree = SDKROOT; };
		560FA0D1137991AD0017EE25 /* Foundation.framework */ = {isa = PBXFileReference; lastKnownFileType = wrapper.framework; name = Foundation.framework; path = System/Library/Frameworks/Foundation.framework; sourceTree = SDKROOT; };
		560FA0D3137991AD0017EE25 /* CoreGraphics.framework */ = {isa = PBXFileReference; lastKnownFileType = wrapper.framework; name = CoreGraphics.framework; path = System/Library/Frameworks/CoreGraphics.framework; sourceTree = SDKROOT; };
		560FA0D7137991AE0017EE25 /* Moonlander-Info.plist */ = {isa = PBXFileReference; lastKnownFileType = text.plist.xml; path = "Moonlander-Info.plist"; sourceTree = "<group>"; };
		560FA0D9137991AE0017EE25 /* en */ = {isa = PBXFileReference; lastKnownFileType = text.plist.strings; name = en; path = en.lproj/InfoPlist.strings; sourceTree = "<group>"; };
		560FA0DB137991AE0017EE25 /* Moonlander-Prefix.pch */ = {isa = PBXFileReference; lastKnownFileType = sourcecode.c.h; path = "Moonlander-Prefix.pch"; sourceTree = "<group>"; };
		560FA0DC137991AE0017EE25 /* main.m */ = {isa = PBXFileReference; lastKnownFileType = sourcecode.c.objc; path = main.m; sourceTree = "<group>"; };
		560FA0DE137991AE0017EE25 /* MoonlanderAppDelegate.h */ = {isa = PBXFileReference; lastKnownFileType = sourcecode.c.h; path = MoonlanderAppDelegate.h; sourceTree = "<group>"; };
		560FA0DF137991AE0017EE25 /* MoonlanderAppDelegate.m */ = {isa = PBXFileReference; lastKnownFileType = sourcecode.c.objc; path = MoonlanderAppDelegate.m; sourceTree = "<group>"; };
		560FA0E2137991AE0017EE25 /* MoonlanderAppDelegate_iPhone.h */ = {isa = PBXFileReference; lastKnownFileType = sourcecode.c.h; name = MoonlanderAppDelegate_iPhone.h; path = iPhone/MoonlanderAppDelegate_iPhone.h; sourceTree = "<group>"; };
		560FA0E3137991AE0017EE25 /* MoonlanderAppDelegate_iPhone.m */ = {isa = PBXFileReference; lastKnownFileType = sourcecode.c.objc; name = MoonlanderAppDelegate_iPhone.m; path = iPhone/MoonlanderAppDelegate_iPhone.m; sourceTree = "<group>"; };
		560FA0E6137991AE0017EE25 /* en */ = {isa = PBXFileReference; lastKnownFileType = file.xib; name = en; path = iPhone/en.lproj/Moonlander_iPhone.xib; sourceTree = "<group>"; };
		560FA0E9137991AE0017EE25 /* MoonlanderAppDelegate_iPad.h */ = {isa = PBXFileReference; lastKnownFileType = sourcecode.c.h; name = MoonlanderAppDelegate_iPad.h; path = iPad/MoonlanderAppDelegate_iPad.h; sourceTree = "<group>"; };
		560FA0EA137991AE0017EE25 /* MoonlanderAppDelegate_iPad.m */ = {isa = PBXFileReference; lastKnownFileType = sourcecode.c.objc; name = MoonlanderAppDelegate_iPad.m; path = iPad/MoonlanderAppDelegate_iPad.m; sourceTree = "<group>"; };
		560FA0ED137991AE0017EE25 /* en */ = {isa = PBXFileReference; lastKnownFileType = file.xib; name = en; path = iPad/en.lproj/Moonlander_iPad.xib; sourceTree = "<group>"; };
		560FA0F4137991AE0017EE25 /* MoonlanderTests.octest */ = {isa = PBXFileReference; explicitFileType = wrapper.cfbundle; includeInIndex = 0; path = MoonlanderTests.octest; sourceTree = BUILT_PRODUCTS_DIR; };
		560FA0FC137991AE0017EE25 /* MoonlanderTests-Info.plist */ = {isa = PBXFileReference; lastKnownFileType = text.plist.xml; path = "MoonlanderTests-Info.plist"; sourceTree = "<group>"; };
		560FA0FE137991AE0017EE25 /* en */ = {isa = PBXFileReference; lastKnownFileType = text.plist.strings; name = en; path = en.lproj/InfoPlist.strings; sourceTree = "<group>"; };
		560FA100137991AE0017EE25 /* MoonlanderTests-Prefix.pch */ = {isa = PBXFileReference; lastKnownFileType = sourcecode.c.h; path = "MoonlanderTests-Prefix.pch"; sourceTree = "<group>"; };
		560FA101137991AE0017EE25 /* MoonlanderTests.h */ = {isa = PBXFileReference; lastKnownFileType = sourcecode.c.h; path = MoonlanderTests.h; sourceTree = "<group>"; };
		560FA103137991AE0017EE25 /* MoonlanderTests.m */ = {isa = PBXFileReference; lastKnownFileType = sourcecode.c.objc; path = MoonlanderTests.m; sourceTree = "<group>"; };
		560FA10E137992E40017EE25 /* LanderPhysicsModel.h */ = {isa = PBXFileReference; fileEncoding = 4; lastKnownFileType = sourcecode.c.h; name = LanderPhysicsModel.h; path = "Lander Model/LanderPhysicsModel.h"; sourceTree = "<group>"; };
		560FA10F137992E40017EE25 /* LanderPhysicsModel.m */ = {isa = PBXFileReference; fileEncoding = 4; lastKnownFileType = sourcecode.c.objc; name = LanderPhysicsModel.m; path = "Lander Model/LanderPhysicsModel.m"; sourceTree = "<group>"; };
		560FA1341379BEAA0017EE25 /* LanderViewController_iPad.h */ = {isa = PBXFileReference; fileEncoding = 4; lastKnownFileType = sourcecode.c.h; name = LanderViewController_iPad.h; path = iPad/LanderViewController_iPad.h; sourceTree = "<group>"; };
		560FA1351379BEAA0017EE25 /* LanderViewController_iPad.m */ = {isa = PBXFileReference; fileEncoding = 4; lastKnownFileType = sourcecode.c.objc; name = LanderViewController_iPad.m; path = iPad/LanderViewController_iPad.m; sourceTree = "<group>"; };
		560FA1361379BEAA0017EE25 /* LanderViewController_iPad.xib */ = {isa = PBXFileReference; fileEncoding = 4; lastKnownFileType = file.xib; name = LanderViewController_iPad.xib; path = iPad/en.lproj/LanderViewController_iPad.xib; sourceTree = "<group>"; };
		560FA13E1379C95B0017EE25 /* LanderPhysicsDataSource.h */ = {isa = PBXFileReference; fileEncoding = 4; lastKnownFileType = sourcecode.c.h; name = LanderPhysicsDataSource.h; path = "Lander Model/LanderPhysicsDataSource.h"; sourceTree = "<group>"; };
		5613DDE6143A85F80059077A /* VGDialog.h */ = {isa = PBXFileReference; fileEncoding = 4; lastKnownFileType = sourcecode.c.h; name = VGDialog.h; path = VectorGraphics/VGDialog.h; sourceTree = "<group>"; };
		5613DDE7143A85F80059077A /* VGDialog.m */ = {isa = PBXFileReference; fileEncoding = 4; lastKnownFileType = sourcecode.c.objc; name = VGDialog.m; path = VectorGraphics/VGDialog.m; sourceTree = "<group>"; };
		5621703315392F1F0094122B /* Explosion.h */ = {isa = PBXFileReference; fileEncoding = 4; lastKnownFileType = sourcecode.c.h; path = Explosion.h; sourceTree = "<group>"; };
		5621703415392F1F0094122B /* Explosion.m */ = {isa = PBXFileReference; fileEncoding = 4; lastKnownFileType = sourcecode.c.objc; path = Explosion.m; sourceTree = "<group>"; };
		562B108813841BAA00CC5C97 /* VGLabel.h */ = {isa = PBXFileReference; fileEncoding = 4; lastKnownFileType = sourcecode.c.h; name = VGLabel.h; path = VectorGraphics/VGLabel.h; sourceTree = "<group>"; };
		562B108913841BAA00CC5C97 /* VGLabel.m */ = {isa = PBXFileReference; fileEncoding = 4; lastKnownFileType = sourcecode.c.objc; name = VGLabel.m; path = VectorGraphics/VGLabel.m; sourceTree = "<group>"; };
		562B108C13841D5A00CC5C97 /* LanderMessages.plist */ = {isa = PBXFileReference; fileEncoding = 4; lastKnownFileType = text.plist.xml; name = LanderMessages.plist; path = Resources/LanderMessages.plist; sourceTree = "<group>"; };
		562CB7BA137F3AE6003CB9B5 /* LargeLeftArrow.plist */ = {isa = PBXFileReference; fileEncoding = 4; lastKnownFileType = text.plist.xml; name = LargeLeftArrow.plist; path = Resources/LargeLeftArrow.plist; sourceTree = "<group>"; };
		562F26A61417A22E0069169B /* Man.h */ = {isa = PBXFileReference; fileEncoding = 4; lastKnownFileType = sourcecode.c.h; path = Man.h; sourceTree = "<group>"; };
		562F26A71417A22E0069169B /* Man.m */ = {isa = PBXFileReference; fileEncoding = 4; lastKnownFileType = sourcecode.c.objc; path = Man.m; sourceTree = "<group>"; };
		564BE59C13800F3400D790D9 /* VGButton.h */ = {isa = PBXFileReference; fileEncoding = 4; lastKnownFileType = sourcecode.c.h; name = VGButton.h; path = VectorGraphics/VGButton.h; sourceTree = "<group>"; };
		564BE59D13800F3400D790D9 /* VGButton.m */ = {isa = PBXFileReference; fileEncoding = 4; lastKnownFileType = sourcecode.c.objc; name = VGButton.m; path = VectorGraphics/VGButton.m; sourceTree = "<group>"; };
		564BE5C213801C0F00D790D9 /* VGSlider.h */ = {isa = PBXFileReference; fileEncoding = 4; lastKnownFileType = sourcecode.c.h; name = VGSlider.h; path = VectorGraphics/VGSlider.h; sourceTree = "<group>"; };
		564BE5C313801C0F00D790D9 /* VGSlider.m */ = {isa = PBXFileReference; fileEncoding = 4; lastKnownFileType = sourcecode.c.objc; name = VGSlider.m; path = VectorGraphics/VGSlider.m; sourceTree = "<group>"; };
		564BE5C513801CAC00D790D9 /* ThrusterControl.plist */ = {isa = PBXFileReference; fileEncoding = 4; lastKnownFileType = text.plist.xml; name = ThrusterControl.plist; path = Resources/ThrusterControl.plist; sourceTree = "<group>"; };
		564EBC4C138349F2007D477C /* Flag.plist */ = {isa = PBXFileReference; fileEncoding = 4; lastKnownFileType = text.plist.xml; name = Flag.plist; path = Resources/Flag.plist; sourceTree = "<group>"; };
		564EBC4E13834A07007D477C /* Man.plist */ = {isa = PBXFileReference; fileEncoding = 4; lastKnownFileType = text.plist.xml; name = Man.plist; path = Resources/Man.plist; sourceTree = "<group>"; };
		564EBC5013834A17007D477C /* McDonalds.plist */ = {isa = PBXFileReference; fileEncoding = 4; lastKnownFileType = text.plist.xml; name = McDonalds.plist; path = Resources/McDonalds.plist; sourceTree = "<group>"; };
		5650B9E8153CB76800AEF4F2 /* ExplosionManager.h */ = {isa = PBXFileReference; fileEncoding = 4; lastKnownFileType = sourcecode.c.h; path = ExplosionManager.h; sourceTree = "<group>"; };
		5650B9E9153CB76800AEF4F2 /* ExplosionManager.m */ = {isa = PBXFileReference; fileEncoding = 4; lastKnownFileType = sourcecode.c.objc; path = ExplosionManager.m; sourceTree = "<group>"; };
		56678FCB139A7D4D00026588 /* OldLander.plist */ = {isa = PBXFileReference; fileEncoding = 4; lastKnownFileType = text.plist.xml; name = OldLander.plist; path = Resources/OldLander.plist; sourceTree = "<group>"; };
		56755FD8138C0B8200455B52 /* Lander.h */ = {isa = PBXFileReference; fileEncoding = 4; lastKnownFileType = sourcecode.c.h; path = Lander.h; sourceTree = "<group>"; };
		56755FD9138C0B8200455B52 /* Lander.m */ = {isa = PBXFileReference; fileEncoding = 4; lastKnownFileType = sourcecode.c.objc; path = Lander.m; sourceTree = "<group>"; };
		5675E5D41425004400882CD8 /* AudioToolbox.framework */ = {isa = PBXFileReference; lastKnownFileType = wrapper.framework; name = AudioToolbox.framework; path = System/Library/Frameworks/AudioToolbox.framework; sourceTree = SDKROOT; };
		5694D1D613920A8C00A61F22 /* Moon.h */ = {isa = PBXFileReference; fileEncoding = 4; lastKnownFileType = sourcecode.c.h; path = Moon.h; sourceTree = "<group>"; };
		5694D1D713920A8C00A61F22 /* Moon.m */ = {isa = PBXFileReference; fileEncoding = 4; lastKnownFileType = sourcecode.c.objc; path = Moon.m; sourceTree = "<group>"; };
		5695F1D7137F753B0075CD26 /* LargeRightArrow.plist */ = {isa = PBXFileReference; fileEncoding = 4; lastKnownFileType = text.plist.xml; name = LargeRightArrow.plist; path = Resources/LargeRightArrow.plist; sourceTree = "<group>"; };
		5695F1D8137F753B0075CD26 /* SmallLeftArrow.plist */ = {isa = PBXFileReference; fileEncoding = 4; lastKnownFileType = text.plist.xml; name = SmallLeftArrow.plist; path = Resources/SmallLeftArrow.plist; sourceTree = "<group>"; };
		5695F1D9137F753B0075CD26 /* SmallRightArrow.plist */ = {isa = PBXFileReference; fileEncoding = 4; lastKnownFileType = text.plist.xml; name = SmallRightArrow.plist; path = Resources/SmallRightArrow.plist; sourceTree = "<group>"; };
		569BB49B138398A2005E2C86 /* ThrusterNeedle.plist */ = {isa = PBXFileReference; fileEncoding = 4; lastKnownFileType = text.plist.xml; name = ThrusterNeedle.plist; path = Resources/ThrusterNeedle.plist; sourceTree = "<group>"; };
		569CC2A913809BED00E6D82A /* Moon.plist */ = {isa = PBXFileReference; fileEncoding = 4; lastKnownFileType = text.plist.xml; name = Moon.plist; path = Resources/Moon.plist; sourceTree = "<group>"; };
		569CC2B21380CC3300E6D82A /* Rock.plist */ = {isa = PBXFileReference; fileEncoding = 4; lastKnownFileType = text.plist.xml; name = Rock.plist; path = Resources/Rock.plist; sourceTree = "<group>"; };
		56A480B3137C5E3D00742877 /* LanderPhysicsDelegate.h */ = {isa = PBXFileReference; fileEncoding = 4; lastKnownFileType = sourcecode.c.h; name = LanderPhysicsDelegate.h; path = "Lander Model/LanderPhysicsDelegate.h"; sourceTree = "<group>"; };
		56A480C1137C6C5500742877 /* LanderPhysicsConstants.h */ = {isa = PBXFileReference; fileEncoding = 4; lastKnownFileType = sourcecode.c.h; name = LanderPhysicsConstants.h; path = "Lander Model/LanderPhysicsConstants.h"; sourceTree = "<group>"; };
		56A480C2137C6C5500742877 /* LanderPhysicsConstants.m */ = {isa = PBXFileReference; fileEncoding = 4; lastKnownFileType = sourcecode.c.objc; name = LanderPhysicsConstants.m; path = "Lander Model/LanderPhysicsConstants.m"; sourceTree = "<group>"; };
		56B4D62B1417D9AF00029FC8 /* Flag.h */ = {isa = PBXFileReference; fileEncoding = 4; lastKnownFileType = sourcecode.c.h; path = Flag.h; sourceTree = "<group>"; };
		56B4D62C1417D9AF00029FC8 /* Flag.m */ = {isa = PBXFileReference; fileEncoding = 4; lastKnownFileType = sourcecode.c.objc; path = Flag.m; sourceTree = "<group>"; };
		56BC68631388BDE200403643 /* Labels.plist */ = {isa = PBXFileReference; fileEncoding = 4; lastKnownFileType = text.plist.xml; name = Labels.plist; path = Resources/Labels.plist; sourceTree = "<group>"; };
		56C94AA713A7A7AE001B7EF9 /* Dust.h */ = {isa = PBXFileReference; fileEncoding = 4; lastKnownFileType = sourcecode.c.h; path = Dust.h; sourceTree = "<group>"; };
		56C94AA813A7A7AE001B7EF9 /* Dust.m */ = {isa = PBXFileReference; fileEncoding = 4; lastKnownFileType = sourcecode.c.objc; path = Dust.m; sourceTree = "<group>"; };
		56CE052D138B12A7004FA450 /* LanderMessage.h */ = {isa = PBXFileReference; fileEncoding = 4; lastKnownFileType = sourcecode.c.h; path = LanderMessage.h; sourceTree = "<group>"; };
		56CE052E138B12A7004FA450 /* LanderMessage.m */ = {isa = PBXFileReference; fileEncoding = 4; lastKnownFileType = sourcecode.c.objc; path = LanderMessage.m; sourceTree = "<group>"; };
		56CE0533138B5277004FA450 /* Telemetry.h */ = {isa = PBXFileReference; fileEncoding = 4; lastKnownFileType = sourcecode.c.h; path = Telemetry.h; sourceTree = "<group>"; };
		56CE0534138B5277004FA450 /* Telemetry.m */ = {isa = PBXFileReference; fileEncoding = 4; lastKnownFileType = sourcecode.c.objc; path = Telemetry.m; sourceTree = "<group>"; };
		56CE0536138B6C88004FA450 /* Instrument.h */ = {isa = PBXFileReference; fileEncoding = 4; lastKnownFileType = sourcecode.c.h; path = Instrument.h; sourceTree = "<group>"; };
		56CE0537138B6C88004FA450 /* Instrument.m */ = {isa = PBXFileReference; fileEncoding = 4; lastKnownFileType = sourcecode.c.objc; path = Instrument.m; sourceTree = "<group>"; };
		56E80E4B137E4CC3009E7F15 /* Lander.plist */ = {isa = PBXFileReference; fileEncoding = 4; lastKnownFileType = text.plist.xml; name = Lander.plist; path = Resources/Lander.plist; sourceTree = "<group>"; };
		56E80E5E137E599D009E7F15 /* VGView.h */ = {isa = PBXFileReference; fileEncoding = 4; lastKnownFileType = sourcecode.c.h; name = VGView.h; path = VectorGraphics/VGView.h; sourceTree = "<group>"; };
		56E80E5F137E599E009E7F15 /* VGView.m */ = {isa = PBXFileReference; fileEncoding = 4; lastKnownFileType = sourcecode.c.objc; name = VGView.m; path = VectorGraphics/VGView.m; sourceTree = "<group>"; };
		56ECD8F11540703500565615 /* gtlem.lda */ = {isa = PBXFileReference; lastKnownFileType = file; path = gtlem.lda; sourceTree = "<group>"; };
		56ECD8F21540703500565615 /* lunar */ = {isa = PBXFileReference; lastKnownFileType = file; path = lunar; sourceTree = "<group>"; };
		56ECD8F31540703500565615 /* mlc */ = {isa = PBXFileReference; lastKnownFileType = file; path = mlc; sourceTree = "<group>"; };
		56ECD8F41540703500565615 /* pdp11 */ = {isa = PBXFileReference; lastKnownFileType = "compiled.mach-o.executable"; path = pdp11; sourceTree = "<group>"; };
		56ECD8F51540703500565615 /* pdp11.ini */ = {isa = PBXFileReference; lastKnownFileType = text; path = pdp11.ini; sourceTree = "<group>"; };
		56ECD8F61540703500565615 /* README */ = {isa = PBXFileReference; lastKnownFileType = text; path = README; sourceTree = "<group>"; };
		56ECD8F81540703500565615 /* mld */ = {isa = PBXFileReference; lastKnownFileType = file; path = mld; sourceTree = "<group>"; };
		56ECD8F91540703500565615 /* pdp11 */ = {isa = PBXFileReference; lastKnownFileType = "compiled.mach-o.executable"; path = pdp11; sourceTree = "<group>"; };
		56ECD8FA1540703500565615 /* pdp11.ini */ = {isa = PBXFileReference; lastKnownFileType = text; path = pdp11.ini; sourceTree = "<group>"; };
		56ECD8FC1540703500565615 /* pdp11 */ = {isa = PBXFileReference; lastKnownFileType = "compiled.mach-o.executable"; path = pdp11; sourceTree = "<group>"; };
		56ECD8FD1540703500565615 /* pdp11.ini */ = {isa = PBXFileReference; lastKnownFileType = text; path = pdp11.ini; sourceTree = "<group>"; };
		56ECD8FE1540703500565615 /* README */ = {isa = PBXFileReference; lastKnownFileType = text; path = README; sourceTree = "<group>"; };
		56ECD8FF1540703500565615 /* rtv53_rl.dsk */ = {isa = PBXFileReference; lastKnownFileType = file; path = rtv53_rl.dsk; sourceTree = "<group>"; };
		56ECD9021540703500565615 /* GT40-1.jpg */ = {isa = PBXFileReference; lastKnownFileType = image.jpeg; path = "GT40-1.jpg"; sourceTree = "<group>"; };
		56ECD9031540703500565615 /* GT40-10.jpg */ = {isa = PBXFileReference; lastKnownFileType = image.jpeg; path = "GT40-10.jpg"; sourceTree = "<group>"; };
		56ECD9041540703500565615 /* GT40-2.jpg */ = {isa = PBXFileReference; lastKnownFileType = image.jpeg; path = "GT40-2.jpg"; sourceTree = "<group>"; };
		56ECD9051540703500565615 /* GT40-3.jpg */ = {isa = PBXFileReference; lastKnownFileType = image.jpeg; path = "GT40-3.jpg"; sourceTree = "<group>"; };
		56ECD9061540703500565615 /* GT40-4.jpg */ = {isa = PBXFileReference; lastKnownFileType = image.jpeg; path = "GT40-4.jpg"; sourceTree = "<group>"; };
		56ECD9071540703500565615 /* GT40-5.jpg */ = {isa = PBXFileReference; lastKnownFileType = image.jpeg; path = "GT40-5.jpg"; sourceTree = "<group>"; };
		56ECD9081540703500565615 /* GT40-6.jpg */ = {isa = PBXFileReference; lastKnownFileType = image.jpeg; path = "GT40-6.jpg"; sourceTree = "<group>"; };
		56ECD9091540703500565615 /* GT40-7.jpg */ = {isa = PBXFileReference; lastKnownFileType = image.jpeg; path = "GT40-7.jpg"; sourceTree = "<group>"; };
		56ECD90A1540703500565615 /* GT40-8.jpg */ = {isa = PBXFileReference; lastKnownFileType = image.jpeg; path = "GT40-8.jpg"; sourceTree = "<group>"; };
		56ECD90B1540703500565615 /* GT40-9.jpg */ = {isa = PBXFileReference; lastKnownFileType = image.jpeg; path = "GT40-9.jpg"; sourceTree = "<group>"; };
		56ECD90C1540703500565615 /* GT42-1.jpg */ = {isa = PBXFileReference; lastKnownFileType = image.jpeg; path = "GT42-1.jpg"; sourceTree = "<group>"; };
		56ECD90D1540703500565615 /* GT42-2.jpg */ = {isa = PBXFileReference; lastKnownFileType = image.jpeg; path = "GT42-2.jpg"; sourceTree = "<group>"; };
		56ECD90E1540703500565615 /* GT42-3.jpg */ = {isa = PBXFileReference; lastKnownFileType = image.jpeg; path = "GT42-3.jpg"; sourceTree = "<group>"; };
		56ECD90F1540703500565615 /* GT42-4.jpg */ = {isa = PBXFileReference; lastKnownFileType = image.jpeg; path = "GT42-4.jpg"; sourceTree = "<group>"; };
		56ECD9101540703500565615 /* GT42-5.jpg */ = {isa = PBXFileReference; lastKnownFileType = image.jpeg; path = "GT42-5.jpg"; sourceTree = "<group>"; };
		56ECD9111540703500565615 /* GT42-6.jpg */ = {isa = PBXFileReference; lastKnownFileType = image.jpeg; path = "GT42-6.jpg"; sourceTree = "<group>"; };
		56ECD9121540703500565615 /* GT42-7.jpg */ = {isa = PBXFileReference; lastKnownFileType = image.jpeg; path = "GT42-7.jpg"; sourceTree = "<group>"; };
		56ECD9131540703500565615 /* GT42-8.jpg */ = {isa = PBXFileReference; lastKnownFileType = image.jpeg; path = "GT42-8.jpg"; sourceTree = "<group>"; };
		56ECD9151540703500565615 /* DEC GT44 Users Guide.pdf */ = {isa = PBXFileReference; lastKnownFileType = image.pdf; path = "DEC GT44 Users Guide.pdf"; sourceTree = "<group>"; };
		56ECD9161540703500565615 /* pdp11 instruction reference.pdf */ = {isa = PBXFileReference; lastKnownFileType = image.pdf; path = "pdp11 instruction reference.pdf"; sourceTree = "<group>"; };
		56ECD9171540703500565615 /* pdp11_doc.pdf */ = {isa = PBXFileReference; lastKnownFileType = image.pdf; path = pdp11_doc.pdf; sourceTree = "<group>"; };
		56ECD9181540703500565615 /* pdpbook.txt */ = {isa = PBXFileReference; lastKnownFileType = text; path = pdpbook.txt; sourceTree = "<group>"; };
		56ECD9191540703500565615 /* RT-11 Commands Manual.pdf */ = {isa = PBXFileReference; lastKnownFileType = image.pdf; path = "RT-11 Commands Manual.pdf"; sourceTree = "<group>"; };
		56ECD91A1540703500565615 /* VT-11 Instruction Set.txt */ = {isa = PBXFileReference; lastKnownFileType = text; path = "VT-11 Instruction Set.txt"; sourceTree = "<group>"; };
		56ECD91B1540703500565615 /* VT11 Graphic Display Processor.pdf */ = {isa = PBXFileReference; lastKnownFileType = image.pdf; path = "VT11 Graphic Display Processor.pdf"; sourceTree = "<group>"; };
		56ECD91D1540703500565615 /* simh_doc.pdf */ = {isa = PBXFileReference; lastKnownFileType = image.pdf; path = simh_doc.pdf; sourceTree = "<group>"; };
		56ECD91E1540703500565615 /* simh_faq.pdf */ = {isa = PBXFileReference; lastKnownFileType = image.pdf; path = simh_faq.pdf; sourceTree = "<group>"; };
		56ECD91F1540703500565615 /* simh_swre.pdf */ = {isa = PBXFileReference; lastKnownFileType = image.pdf; path = simh_swre.pdf; sourceTree = "<group>"; };
		56ECD9211540703500565615 /* gtlem.mac */ = {isa = PBXFileReference; lastKnownFileType = text; path = gtlem.mac; sourceTree = "<group>"; };
		56ECD9221540703500565615 /* lunar.bas */ = {isa = PBXFileReference; lastKnownFileType = text; path = lunar.bas; sourceTree = "<group>"; };
		56ECD9231540703500565615 /* mlc.mac */ = {isa = PBXFileReference; lastKnownFileType = text; path = mlc.mac; sourceTree = "<group>"; };
		56ECD9241540703500565615 /* mld.mac */ = {isa = PBXFileReference; lastKnownFileType = text; path = mld.mac; sourceTree = "<group>"; };
		56ECD9251540703500565615 /* Original GTLEM Source */ = {isa = PBXFileReference; lastKnownFileType = text; path = "Original GTLEM Source"; sourceTree = "<group>"; };
		56ECD9261540703500565615 /* rtlem.mac */ = {isa = PBXFileReference; lastKnownFileType = text; path = rtlem.mac; sourceTree = "<group>"; };
		56ECD9281540703500565615 /* get.cmd */ = {isa = PBXFileReference; lastKnownFileType = text; path = get.cmd; sourceTree = "<group>"; };
		56ECD9291540703500565615 /* make.com */ = {isa = PBXFileReference; lastKnownFileType = text; path = make.com; sourceTree = "<group>"; };
		56ECD92A1540703500565615 /* put.cmd */ = {isa = PBXFileReference; lastKnownFileType = text; path = put.cmd; sourceTree = "<group>"; };
		56ECD92B1540703500565615 /* putr.com */ = {isa = PBXFileReference; lastKnownFileType = file; path = putr.com; sourceTree = "<group>"; };
		56ECD92C1540703500565615 /* putr.ini */ = {isa = PBXFileReference; lastKnownFileType = text; path = putr.ini; sourceTree = "<group>"; };
		56ECD92D1540703500565615 /* putr.txt */ = {isa = PBXFileReference; lastKnownFileType = text; path = putr.txt; sourceTree = "<group>"; };
		56ECD94B1540E55E00565615 /* beep.caf */ = {isa = PBXFileReference; path = beep.caf; sourceTree = "<group>"; };
/* End PBXFileReference section */

/* Begin PBXFrameworksBuildPhase section */
		560FA0C8137991AD0017EE25 /* Frameworks */ = {
			isa = PBXFrameworksBuildPhase;
			buildActionMask = 2147483647;
			files = (
				560FA0D0137991AD0017EE25 /* UIKit.framework in Frameworks */,
				560FA0D2137991AD0017EE25 /* Foundation.framework in Frameworks */,
				560FA0D4137991AD0017EE25 /* CoreGraphics.framework in Frameworks */,
				5675E5D51425004400882CD8 /* AudioToolbox.framework in Frameworks */,
			);
			runOnlyForDeploymentPostprocessing = 0;
		};
		560FA0F0137991AE0017EE25 /* Frameworks */ = {
			isa = PBXFrameworksBuildPhase;
			buildActionMask = 2147483647;
			files = (
				560FA0F5137991AE0017EE25 /* UIKit.framework in Frameworks */,
				560FA0F7137991AE0017EE25 /* CoreGraphics.framework in Frameworks */,
				560FA0F6137991AE0017EE25 /* Foundation.framework in Frameworks */,
				565B00E114447E400071231D /* AudioToolbox.framework in Frameworks */,
			);
			runOnlyForDeploymentPostprocessing = 0;
		};
/* End PBXFrameworksBuildPhase section */

/* Begin PBXGroup section */
		1D81BDB8153F567200AE437D /* sounds */ = {
			isa = PBXGroup;
			children = (
				56ECD94B1540E55E00565615 /* beep.caf */,
			);
			name = sounds;
			path = Resources/sounds;
			sourceTree = "<group>";
		};
		560FA0C0137991AD0017EE25 = {
			isa = PBXGroup;
			children = (
				560D212814115314000F3A22 /* README */,
				560FA0D5137991AE0017EE25 /* Moonlander */,
				56ECD8ED1540703500565615 /* Moonlander Classic */,
				560FA0FA137991AE0017EE25 /* MoonlanderTests */,
				560FA0CE137991AD0017EE25 /* Frameworks */,
				560FA0CC137991AD0017EE25 /* Products */,
			);
			sourceTree = "<group>";
		};
		560FA0CC137991AD0017EE25 /* Products */ = {
			isa = PBXGroup;
			children = (
				560FA0CB137991AD0017EE25 /* Moonlander.app */,
				560FA0F4137991AE0017EE25 /* MoonlanderTests.octest */,
			);
			name = Products;
			sourceTree = "<group>";
		};
		560FA0CE137991AD0017EE25 /* Frameworks */ = {
			isa = PBXGroup;
			children = (
				560FA0CF137991AD0017EE25 /* UIKit.framework */,
				560FA0D1137991AD0017EE25 /* Foundation.framework */,
				560FA0D3137991AD0017EE25 /* CoreGraphics.framework */,
				5675E5D41425004400882CD8 /* AudioToolbox.framework */,
			);
			name = Frameworks;
			sourceTree = "<group>";
		};
		560FA0D5137991AE0017EE25 /* Moonlander */ = {
			isa = PBXGroup;
			children = (
				560FA0DE137991AE0017EE25 /* MoonlanderAppDelegate.h */,
				560FA0DF137991AE0017EE25 /* MoonlanderAppDelegate.m */,
				5694D1D613920A8C00A61F22 /* Moon.h */,
				5694D1D713920A8C00A61F22 /* Moon.m */,
				56755FD8138C0B8200455B52 /* Lander.h */,
				56755FD9138C0B8200455B52 /* Lander.m */,
				56C94AA713A7A7AE001B7EF9 /* Dust.h */,
				56C94AA813A7A7AE001B7EF9 /* Dust.m */,
				5621703315392F1F0094122B /* Explosion.h */,
				5621703415392F1F0094122B /* Explosion.m */,
				5650B9E8153CB76800AEF4F2 /* ExplosionManager.h */,
				5650B9E9153CB76800AEF4F2 /* ExplosionManager.m */,
				56B4D62B1417D9AF00029FC8 /* Flag.h */,
				56B4D62C1417D9AF00029FC8 /* Flag.m */,
				562F26A61417A22E0069169B /* Man.h */,
				562F26A71417A22E0069169B /* Man.m */,
				56CE052D138B12A7004FA450 /* LanderMessage.h */,
				56CE052E138B12A7004FA450 /* LanderMessage.m */,
				56CE0533138B5277004FA450 /* Telemetry.h */,
				56CE0534138B5277004FA450 /* Telemetry.m */,
				56CE0536138B6C88004FA450 /* Instrument.h */,
				56CE0537138B6C88004FA450 /* Instrument.m */,
				560FA0E1137991AE0017EE25 /* iPhone */,
				560FA0E8137991AE0017EE25 /* iPad */,
				5695F1A9137F52B50075CD26 /* Vector Graphics */,
				560FA10D1379923D0017EE25 /* Lander Model */,
				560FA13B1379C3900017EE25 /* Resources */,
				560FA0D6137991AE0017EE25 /* Supporting Files */,
			);
			path = Moonlander;
			sourceTree = "<group>";
		};
		560FA0D6137991AE0017EE25 /* Supporting Files */ = {
			isa = PBXGroup;
			children = (
				560FA0D7137991AE0017EE25 /* Moonlander-Info.plist */,
				560FA0D8137991AE0017EE25 /* InfoPlist.strings */,
				560FA0DB137991AE0017EE25 /* Moonlander-Prefix.pch */,
				560FA0DC137991AE0017EE25 /* main.m */,
			);
			name = "Supporting Files";
			sourceTree = "<group>";
		};
		560FA0E1137991AE0017EE25 /* iPhone */ = {
			isa = PBXGroup;
			children = (
				560FA0E2137991AE0017EE25 /* MoonlanderAppDelegate_iPhone.h */,
				560FA0E3137991AE0017EE25 /* MoonlanderAppDelegate_iPhone.m */,
				560FA0E5137991AE0017EE25 /* Moonlander_iPhone.xib */,
			);
			name = iPhone;
			sourceTree = "<group>";
		};
		560FA0E8137991AE0017EE25 /* iPad */ = {
			isa = PBXGroup;
			children = (
				560FA0E9137991AE0017EE25 /* MoonlanderAppDelegate_iPad.h */,
				560FA0EA137991AE0017EE25 /* MoonlanderAppDelegate_iPad.m */,
				560FA0EC137991AE0017EE25 /* Moonlander_iPad.xib */,
				560FA1341379BEAA0017EE25 /* LanderViewController_iPad.h */,
				560FA1351379BEAA0017EE25 /* LanderViewController_iPad.m */,
				560FA1361379BEAA0017EE25 /* LanderViewController_iPad.xib */,
			);
			name = iPad;
			sourceTree = "<group>";
		};
		560FA0FA137991AE0017EE25 /* MoonlanderTests */ = {
			isa = PBXGroup;
			children = (
				560FA101137991AE0017EE25 /* MoonlanderTests.h */,
				560FA103137991AE0017EE25 /* MoonlanderTests.m */,
				560FA0FB137991AE0017EE25 /* Supporting Files */,
			);
			path = MoonlanderTests;
			sourceTree = "<group>";
		};
		560FA0FB137991AE0017EE25 /* Supporting Files */ = {
			isa = PBXGroup;
			children = (
				560FA0FC137991AE0017EE25 /* MoonlanderTests-Info.plist */,
				560FA0FD137991AE0017EE25 /* InfoPlist.strings */,
				560FA100137991AE0017EE25 /* MoonlanderTests-Prefix.pch */,
			);
			name = "Supporting Files";
			sourceTree = "<group>";
		};
		560FA10D1379923D0017EE25 /* Lander Model */ = {
			isa = PBXGroup;
			children = (
				560FA10E137992E40017EE25 /* LanderPhysicsModel.h */,
				560FA10F137992E40017EE25 /* LanderPhysicsModel.m */,
				560FA13E1379C95B0017EE25 /* LanderPhysicsDataSource.h */,
				56A480B3137C5E3D00742877 /* LanderPhysicsDelegate.h */,
				56A480C1137C6C5500742877 /* LanderPhysicsConstants.h */,
				56A480C2137C6C5500742877 /* LanderPhysicsConstants.m */,
			);
			name = "Lander Model";
			sourceTree = "<group>";
		};
		560FA13B1379C3900017EE25 /* Resources */ = {
			isa = PBXGroup;
			children = (
				1D81BDB8153F567200AE437D /* sounds */,
				569CC2A913809BED00E6D82A /* Moon.plist */,
				56678FCB139A7D4D00026588 /* OldLander.plist */,
				564EBC4C138349F2007D477C /* Flag.plist */,
				564EBC4E13834A07007D477C /* Man.plist */,
				569CC2B21380CC3300E6D82A /* Rock.plist */,
				56BC68631388BDE200403643 /* Labels.plist */,
				56E80E4B137E4CC3009E7F15 /* Lander.plist */,
				5695F1D8137F753B0075CD26 /* SmallLeftArrow.plist */,
				5695F1D9137F753B0075CD26 /* SmallRightArrow.plist */,
				562CB7BA137F3AE6003CB9B5 /* LargeLeftArrow.plist */,
				5695F1D7137F753B0075CD26 /* LargeRightArrow.plist */,
				564EBC5013834A17007D477C /* McDonalds.plist */,
				564BE5C513801CAC00D790D9 /* ThrusterControl.plist */,
				569BB49B138398A2005E2C86 /* ThrusterNeedle.plist */,
				562B108C13841D5A00CC5C97 /* LanderMessages.plist */,
			);
			name = Resources;
			sourceTree = "<group>";
		};
		5695F1A9137F52B50075CD26 /* Vector Graphics */ = {
			isa = PBXGroup;
			children = (
				56E80E5E137E599D009E7F15 /* VGView.h */,
				56E80E5F137E599E009E7F15 /* VGView.m */,
				564BE59C13800F3400D790D9 /* VGButton.h */,
				564BE59D13800F3400D790D9 /* VGButton.m */,
				564BE5C213801C0F00D790D9 /* VGSlider.h */,
				564BE5C313801C0F00D790D9 /* VGSlider.m */,
				562B108813841BAA00CC5C97 /* VGLabel.h */,
				562B108913841BAA00CC5C97 /* VGLabel.m */,
				5613DDE6143A85F80059077A /* VGDialog.h */,
				5613DDE7143A85F80059077A /* VGDialog.m */,
			);
			name = "Vector Graphics";
			sourceTree = "<group>";
		};
		56ECD8ED1540703500565615 /* Moonlander Classic */ = {
			isa = PBXGroup;
			children = (
				56ECD8EE1540703500565615 /* Binaries */,
				56ECD9001540703500565615 /* Documentation */,
				56ECD9271540703500565615 /* Utilities */,
			);
			path = "Moonlander Classic";
			sourceTree = "<group>";
		};
		56ECD8EE1540703500565615 /* Binaries */ = {
			isa = PBXGroup;
			children = (
				56ECD8EF1540703500565615 /* Moonlander */,
				56ECD8FB1540703500565615 /* RT11 */,
			);
			path = Binaries;
			sourceTree = "<group>";
		};
		56ECD8EF1540703500565615 /* Moonlander */ = {
			isa = PBXGroup;
			children = (
				56ECD8F01540703500565615 /* Classic */,
				56ECD8F71540703500565615 /* Debug */,
			);
			path = Moonlander;
			sourceTree = "<group>";
		};
		56ECD8F01540703500565615 /* Classic */ = {
			isa = PBXGroup;
			children = (
				56ECD8F11540703500565615 /* gtlem.lda */,
				56ECD8F21540703500565615 /* lunar */,
				56ECD8F31540703500565615 /* mlc */,
				56ECD8F41540703500565615 /* pdp11 */,
				56ECD8F51540703500565615 /* pdp11.ini */,
				56ECD8F61540703500565615 /* README */,
			);
			path = Classic;
			sourceTree = "<group>";
		};
		56ECD8F71540703500565615 /* Debug */ = {
			isa = PBXGroup;
			children = (
				56ECD8F81540703500565615 /* mld */,
				56ECD8F91540703500565615 /* pdp11 */,
				56ECD8FA1540703500565615 /* pdp11.ini */,
			);
			path = Debug;
			sourceTree = "<group>";
		};
		56ECD8FB1540703500565615 /* RT11 */ = {
			isa = PBXGroup;
			children = (
				56ECD8FC1540703500565615 /* pdp11 */,
				56ECD8FD1540703500565615 /* pdp11.ini */,
				56ECD8FE1540703500565615 /* README */,
				56ECD8FF1540703500565615 /* rtv53_rl.dsk */,
			);
			path = RT11;
			sourceTree = "<group>";
		};
		56ECD9001540703500565615 /* Documentation */ = {
			isa = PBXGroup;
			children = (
				56ECD9011540703500565615 /* Brochures */,
				56ECD9141540703500565615 /* PDP11 */,
				56ECD91C1540703500565615 /* simh */,
				56ECD9201540703500565615 /* Sources */,
			);
			path = Documentation;
			sourceTree = "<group>";
		};
		56ECD9011540703500565615 /* Brochures */ = {
			isa = PBXGroup;
			children = (
				56ECD9021540703500565615 /* GT40-1.jpg */,
				56ECD9031540703500565615 /* GT40-10.jpg */,
				56ECD9041540703500565615 /* GT40-2.jpg */,
				56ECD9051540703500565615 /* GT40-3.jpg */,
				56ECD9061540703500565615 /* GT40-4.jpg */,
				56ECD9071540703500565615 /* GT40-5.jpg */,
				56ECD9081540703500565615 /* GT40-6.jpg */,
				56ECD9091540703500565615 /* GT40-7.jpg */,
				56ECD90A1540703500565615 /* GT40-8.jpg */,
				56ECD90B1540703500565615 /* GT40-9.jpg */,
				56ECD90C1540703500565615 /* GT42-1.jpg */,
				56ECD90D1540703500565615 /* GT42-2.jpg */,
				56ECD90E1540703500565615 /* GT42-3.jpg */,
				56ECD90F1540703500565615 /* GT42-4.jpg */,
				56ECD9101540703500565615 /* GT42-5.jpg */,
				56ECD9111540703500565615 /* GT42-6.jpg */,
				56ECD9121540703500565615 /* GT42-7.jpg */,
				56ECD9131540703500565615 /* GT42-8.jpg */,
			);
			path = Brochures;
			sourceTree = "<group>";
		};
		56ECD9141540703500565615 /* PDP11 */ = {
			isa = PBXGroup;
			children = (
				56ECD9151540703500565615 /* DEC GT44 Users Guide.pdf */,
				56ECD9161540703500565615 /* pdp11 instruction reference.pdf */,
				56ECD9171540703500565615 /* pdp11_doc.pdf */,
				56ECD9181540703500565615 /* pdpbook.txt */,
				56ECD9191540703500565615 /* RT-11 Commands Manual.pdf */,
				56ECD91A1540703500565615 /* VT-11 Instruction Set.txt */,
				56ECD91B1540703500565615 /* VT11 Graphic Display Processor.pdf */,
			);
			path = PDP11;
			sourceTree = "<group>";
		};
		56ECD91C1540703500565615 /* simh */ = {
			isa = PBXGroup;
			children = (
				56ECD91D1540703500565615 /* simh_doc.pdf */,
				56ECD91E1540703500565615 /* simh_faq.pdf */,
				56ECD91F1540703500565615 /* simh_swre.pdf */,
			);
			path = simh;
			sourceTree = "<group>";
		};
		56ECD9201540703500565615 /* Sources */ = {
			isa = PBXGroup;
			children = (
				56ECD9211540703500565615 /* gtlem.mac */,
				56ECD9221540703500565615 /* lunar.bas */,
				56ECD9231540703500565615 /* mlc.mac */,
				56ECD9241540703500565615 /* mld.mac */,
				56ECD9251540703500565615 /* Original GTLEM Source */,
				56ECD9261540703500565615 /* rtlem.mac */,
			);
			path = Sources;
			sourceTree = "<group>";
		};
		56ECD9271540703500565615 /* Utilities */ = {
			isa = PBXGroup;
			children = (
				56ECD9281540703500565615 /* get.cmd */,
				56ECD9291540703500565615 /* make.com */,
				56ECD92A1540703500565615 /* put.cmd */,
				56ECD92B1540703500565615 /* putr.com */,
				56ECD92C1540703500565615 /* putr.ini */,
				56ECD92D1540703500565615 /* putr.txt */,
			);
			path = Utilities;
			sourceTree = "<group>";
		};
/* End PBXGroup section */

/* Begin PBXNativeTarget section */
		560FA0CA137991AD0017EE25 /* Moonlander */ = {
			isa = PBXNativeTarget;
			buildConfigurationList = 560FA107137991AE0017EE25 /* Build configuration list for PBXNativeTarget "Moonlander" */;
			buildPhases = (
				560FA0C7137991AD0017EE25 /* Sources */,
				560FA0C8137991AD0017EE25 /* Frameworks */,
				560FA0C9137991AD0017EE25 /* Resources */,
			);
			buildRules = (
			);
			dependencies = (
			);
			name = Moonlander;
			productName = Moonlander;
			productReference = 560FA0CB137991AD0017EE25 /* Moonlander.app */;
			productType = "com.apple.product-type.application";
		};
		560FA0F3137991AE0017EE25 /* MoonlanderTests */ = {
			isa = PBXNativeTarget;
			buildConfigurationList = 560FA10A137991AE0017EE25 /* Build configuration list for PBXNativeTarget "MoonlanderTests" */;
			buildPhases = (
				560FA0EF137991AE0017EE25 /* Sources */,
				560FA0F0137991AE0017EE25 /* Frameworks */,
				560FA0F1137991AE0017EE25 /* Resources */,
				560FA0F2137991AE0017EE25 /* ShellScript */,
			);
			buildRules = (
			);
			dependencies = (
				560FA0F9137991AE0017EE25 /* PBXTargetDependency */,
			);
			name = MoonlanderTests;
			productName = MoonlanderTests;
			productReference = 560FA0F4137991AE0017EE25 /* MoonlanderTests.octest */;
			productType = "com.apple.product-type.bundle";
		};
/* End PBXNativeTarget section */

/* Begin PBXProject section */
		560FA0C2137991AD0017EE25 /* Project object */ = {
			isa = PBXProject;
			attributes = {
				LastUpgradeCheck = 0430;
				ORGANIZATIONNAME = "Silly Goose Software";
			};
			buildConfigurationList = 560FA0C5137991AD0017EE25 /* Build configuration list for PBXProject "Moonlander" */;
			compatibilityVersion = "Xcode 3.2";
			developmentRegion = English;
			hasScannedForEncodings = 0;
			knownRegions = (
				en,
			);
			mainGroup = 560FA0C0137991AD0017EE25;
			productRefGroup = 560FA0CC137991AD0017EE25 /* Products */;
			projectDirPath = "";
			projectRoot = "";
			targets = (
				560FA0CA137991AD0017EE25 /* Moonlander */,
				560FA0F3137991AE0017EE25 /* MoonlanderTests */,
			);
		};
/* End PBXProject section */

/* Begin PBXResourcesBuildPhase section */
		560FA0C9137991AD0017EE25 /* Resources */ = {
			isa = PBXResourcesBuildPhase;
			buildActionMask = 2147483647;
			files = (
				560FA0DA137991AE0017EE25 /* InfoPlist.strings in Resources */,
				560FA0E7137991AE0017EE25 /* Moonlander_iPhone.xib in Resources */,
				560FA0EE137991AE0017EE25 /* Moonlander_iPad.xib in Resources */,
				560FA1391379BEAB0017EE25 /* LanderViewController_iPad.xib in Resources */,
				56E80E4C137E4CC3009E7F15 /* Lander.plist in Resources */,
				562CB7BB137F3AE6003CB9B5 /* LargeLeftArrow.plist in Resources */,
				5695F1DA137F753B0075CD26 /* LargeRightArrow.plist in Resources */,
				5695F1DB137F753B0075CD26 /* SmallLeftArrow.plist in Resources */,
				5695F1DC137F753B0075CD26 /* SmallRightArrow.plist in Resources */,
				564BE5C613801CAC00D790D9 /* ThrusterControl.plist in Resources */,
				569CC2AA13809BED00E6D82A /* Moon.plist in Resources */,
				569CC2B31380CC3300E6D82A /* Rock.plist in Resources */,
				564EBC4D138349F2007D477C /* Flag.plist in Resources */,
				564EBC4F13834A07007D477C /* Man.plist in Resources */,
				564EBC5113834A17007D477C /* McDonalds.plist in Resources */,
				569BB49C138398A2005E2C86 /* ThrusterNeedle.plist in Resources */,
				562B108D13841D5A00CC5C97 /* LanderMessages.plist in Resources */,
				56BC68641388BDE200403643 /* Labels.plist in Resources */,
				56678FCC139A7D4D00026588 /* OldLander.plist in Resources */,
				56ECD94C1540E55E00565615 /* beep.caf in Resources */,
			);
			runOnlyForDeploymentPostprocessing = 0;
		};
		560FA0F1137991AE0017EE25 /* Resources */ = {
			isa = PBXResourcesBuildPhase;
			buildActionMask = 2147483647;
			files = (
				560FA0FF137991AE0017EE25 /* InfoPlist.strings in Resources */,
				560FA102137991AE0017EE25 /* MoonlanderTests.h in Resources */,
				560FA13A1379BEAB0017EE25 /* LanderViewController_iPad.xib in Resources */,
			);
			runOnlyForDeploymentPostprocessing = 0;
		};
/* End PBXResourcesBuildPhase section */

/* Begin PBXShellScriptBuildPhase section */
		560FA0F2137991AE0017EE25 /* ShellScript */ = {
			isa = PBXShellScriptBuildPhase;
			buildActionMask = 2147483647;
			files = (
			);
			inputPaths = (
			);
			outputPaths = (
			);
			runOnlyForDeploymentPostprocessing = 0;
			shellPath = /bin/sh;
			shellScript = "# Run the unit tests in this test bundle.\n\"${SYSTEM_DEVELOPER_DIR}/Tools/RunUnitTests\"\n";
		};
/* End PBXShellScriptBuildPhase section */

/* Begin PBXSourcesBuildPhase section */
		560FA0C7137991AD0017EE25 /* Sources */ = {
			isa = PBXSourcesBuildPhase;
			buildActionMask = 2147483647;
			files = (
				560FA0DD137991AE0017EE25 /* main.m in Sources */,
				560FA0E0137991AE0017EE25 /* MoonlanderAppDelegate.m in Sources */,
				560FA0E4137991AE0017EE25 /* MoonlanderAppDelegate_iPhone.m in Sources */,
				560FA0EB137991AE0017EE25 /* MoonlanderAppDelegate_iPad.m in Sources */,
				560FA110137992E40017EE25 /* LanderPhysicsModel.m in Sources */,
				560FA1371379BEAB0017EE25 /* LanderViewController_iPad.m in Sources */,
				56A480C3137C6C5500742877 /* LanderPhysicsConstants.m in Sources */,
				56E80E60137E599E009E7F15 /* VGView.m in Sources */,
				564BE59E13800F3400D790D9 /* VGButton.m in Sources */,
				564BE5C413801C0F00D790D9 /* VGSlider.m in Sources */,
				562B108A13841BAA00CC5C97 /* VGLabel.m in Sources */,
				56CE052F138B12A7004FA450 /* LanderMessage.m in Sources */,
				56CE0535138B5277004FA450 /* Telemetry.m in Sources */,
				56CE0538138B6C88004FA450 /* Instrument.m in Sources */,
				56755FDA138C0B8200455B52 /* Lander.m in Sources */,
				5694D1D813920A8C00A61F22 /* Moon.m in Sources */,
				56C94AA913A7A7AE001B7EF9 /* Dust.m in Sources */,
				562F26A81417A22E0069169B /* Man.m in Sources */,
				56B4D62D1417D9AF00029FC8 /* Flag.m in Sources */,
				5613DDE8143A85F80059077A /* VGDialog.m in Sources */,
				5621703515392F1F0094122B /* Explosion.m in Sources */,
				5650B9EA153CB76900AEF4F2 /* ExplosionManager.m in Sources */,
			);
			runOnlyForDeploymentPostprocessing = 0;
		};
		560FA0EF137991AE0017EE25 /* Sources */ = {
			isa = PBXSourcesBuildPhase;
			buildActionMask = 2147483647;
			files = (
				560FA104137991AE0017EE25 /* MoonlanderTests.m in Sources */,
				560FA111137992E40017EE25 /* LanderPhysicsModel.m in Sources */,
				560FA1381379BEAB0017EE25 /* LanderViewController_iPad.m in Sources */,
			);
			runOnlyForDeploymentPostprocessing = 0;
		};
/* End PBXSourcesBuildPhase section */

/* Begin PBXTargetDependency section */
		560FA0F9137991AE0017EE25 /* PBXTargetDependency */ = {
			isa = PBXTargetDependency;
			target = 560FA0CA137991AD0017EE25 /* Moonlander */;
			targetProxy = 560FA0F8137991AE0017EE25 /* PBXContainerItemProxy */;
		};
/* End PBXTargetDependency section */

/* Begin PBXVariantGroup section */
		560FA0D8137991AE0017EE25 /* InfoPlist.strings */ = {
			isa = PBXVariantGroup;
			children = (
				560FA0D9137991AE0017EE25 /* en */,
			);
			name = InfoPlist.strings;
			sourceTree = "<group>";
		};
		560FA0E5137991AE0017EE25 /* Moonlander_iPhone.xib */ = {
			isa = PBXVariantGroup;
			children = (
				560FA0E6137991AE0017EE25 /* en */,
			);
			name = Moonlander_iPhone.xib;
			sourceTree = "<group>";
		};
		560FA0EC137991AE0017EE25 /* Moonlander_iPad.xib */ = {
			isa = PBXVariantGroup;
			children = (
				560FA0ED137991AE0017EE25 /* en */,
			);
			name = Moonlander_iPad.xib;
			sourceTree = "<group>";
		};
		560FA0FD137991AE0017EE25 /* InfoPlist.strings */ = {
			isa = PBXVariantGroup;
			children = (
				560FA0FE137991AE0017EE25 /* en */,
			);
			name = InfoPlist.strings;
			sourceTree = "<group>";
		};
/* End PBXVariantGroup section */

/* Begin XCBuildConfiguration section */
		560FA105137991AE0017EE25 /* Debug */ = {
			isa = XCBuildConfiguration;
			buildSettings = {
				ARCHS = "$(ARCHS_STANDARD_32_BIT)";
				CODE_SIGN_IDENTITY = "iPhone Developer";
				"CODE_SIGN_IDENTITY[sdk=iphoneos*]" = "iPhone Developer";
				GCC_C_LANGUAGE_STANDARD = gnu99;
				GCC_OPTIMIZATION_LEVEL = 0;
				GCC_PREPROCESSOR_DEFINITIONS = (
					SHORT_DELAYS,
					DEBUG,
					DEBUG_LOCATION,
					NO_SPLASH_SCREEN,
				);
				GCC_SYMBOLS_PRIVATE_EXTERN = NO;
				GCC_THUMB_SUPPORT = NO;
				GCC_VERSION = com.apple.compilers.llvmgcc42;
				GCC_WARN_ABOUT_RETURN_TYPE = YES;
				GCC_WARN_UNUSED_VARIABLE = YES;
				IPHONEOS_DEPLOYMENT_TARGET = 5.0;
				PROVISIONING_PROFILE = "";
				SDKROOT = iphoneos;
				TARGETED_DEVICE_FAMILY = "1,2";
			};
			name = Debug;
		};
		560FA106137991AE0017EE25 /* Release */ = {
			isa = XCBuildConfiguration;
			buildSettings = {
				ARCHS = "$(ARCHS_STANDARD_32_BIT)";
				CODE_SIGN_IDENTITY = "iPhone Distribution";
				"CODE_SIGN_IDENTITY[sdk=iphoneos*]" = "iPhone Developer";
				GCC_C_LANGUAGE_STANDARD = gnu99;
				GCC_THUMB_SUPPORT = NO;
				GCC_VERSION = com.apple.compilers.llvmgcc42;
				GCC_WARN_ABOUT_RETURN_TYPE = YES;
				GCC_WARN_UNUSED_VARIABLE = YES;
				IPHONEOS_DEPLOYMENT_TARGET = 5.0;
				OTHER_CFLAGS = "-DNS_BLOCK_ASSERTIONS=1";
				PROVISIONING_PROFILE = "";
				SDKROOT = iphoneos;
				TARGETED_DEVICE_FAMILY = "1,2";
			};
			name = Release;
		};
		560FA108137991AE0017EE25 /* Debug */ = {
			isa = XCBuildConfiguration;
			buildSettings = {
				ALWAYS_SEARCH_USER_PATHS = NO;
				CLANG_ENABLE_OBJC_ARC = YES;
				COPY_PHASE_STRIP = NO;
				FRAMEWORK_SEARCH_PATHS = (
					"$(inherited)",
					"\"$(SRCROOT)\"",
				);
				GCC_DYNAMIC_NO_PIC = NO;
				GCC_PRECOMPILE_PREFIX_HEADER = YES;
				GCC_PREFIX_HEADER = "Moonlander/Moonlander-Prefix.pch";
				GCC_THUMB_SUPPORT = NO;
				GCC_VERSION = com.apple.compilers.llvm.clang.1_0;
				INFOPLIST_FILE = "Moonlander/Moonlander-Info.plist";
				IPHONEOS_DEPLOYMENT_TARGET = 5.0;
				PRODUCT_NAME = "$(TARGET_NAME)";
				WRAPPER_EXTENSION = app;
			};
			name = Debug;
		};
		560FA109137991AE0017EE25 /* Release */ = {
			isa = XCBuildConfiguration;
			buildSettings = {
				ALWAYS_SEARCH_USER_PATHS = NO;
				CLANG_ENABLE_OBJC_ARC = YES;
				COPY_PHASE_STRIP = YES;
				FRAMEWORK_SEARCH_PATHS = (
					"$(inherited)",
					"\"$(SRCROOT)\"",
				);
				GCC_PRECOMPILE_PREFIX_HEADER = YES;
				GCC_PREFIX_HEADER = "Moonlander/Moonlander-Prefix.pch";
				GCC_THUMB_SUPPORT = NO;
				GCC_VERSION = com.apple.compilers.llvm.clang.1_0;
				INFOPLIST_FILE = "Moonlander/Moonlander-Info.plist";
				IPHONEOS_DEPLOYMENT_TARGET = 5.0;
				PRODUCT_NAME = "$(TARGET_NAME)";
				VALIDATE_PRODUCT = YES;
				WRAPPER_EXTENSION = app;
			};
			name = Release;
		};
		560FA10B137991AE0017EE25 /* Debug */ = {
			isa = XCBuildConfiguration;
			buildSettings = {
				ALWAYS_SEARCH_USER_PATHS = NO;
				BUNDLE_LOADER = "$(BUILT_PRODUCTS_DIR)/Moonlander.app/Moonlander";
				CLANG_ENABLE_OBJC_ARC = YES;
				FRAMEWORK_SEARCH_PATHS = (
					"$(SDKROOT)/Developer/Library/Frameworks",
					"$(DEVELOPER_LIBRARY_DIR)/Frameworks",
				);
				GCC_PRECOMPILE_PREFIX_HEADER = YES;
				GCC_PREFIX_HEADER = "MoonlanderTests/MoonlanderTests-Prefix.pch";
				GCC_THUMB_SUPPORT = NO;
				GCC_VERSION = com.apple.compilers.llvm.clang.1_0;
				INFOPLIST_FILE = "MoonlanderTests/MoonlanderTests-Info.plist";
				OTHER_LDFLAGS = (
					"-framework",
					SenTestingKit,
				);
				PRODUCT_NAME = "$(TARGET_NAME)";
				SDKROOT = iphoneos;
				TEST_HOST = "$(BUNDLE_LOADER)";
				WRAPPER_EXTENSION = octest;
			};
			name = Debug;
		};
		560FA10C137991AE0017EE25 /* Release */ = {
			isa = XCBuildConfiguration;
			buildSettings = {
				ALWAYS_SEARCH_USER_PATHS = NO;
				BUNDLE_LOADER = "$(BUILT_PRODUCTS_DIR)/Moonlander.app/Moonlander";
				CLANG_ENABLE_OBJC_ARC = YES;
				FRAMEWORK_SEARCH_PATHS = (
					"$(SDKROOT)/Developer/Library/Frameworks",
					"$(DEVELOPER_LIBRARY_DIR)/Frameworks",
				);
				GCC_PRECOMPILE_PREFIX_HEADER = YES;
				GCC_PREFIX_HEADER = "MoonlanderTests/MoonlanderTests-Prefix.pch";
				GCC_THUMB_SUPPORT = NO;
				GCC_VERSION = com.apple.compilers.llvm.clang.1_0;
				INFOPLIST_FILE = "MoonlanderTests/MoonlanderTests-Info.plist";
				OTHER_LDFLAGS = (
					"-framework",
					SenTestingKit,
				);
				PRODUCT_NAME = "$(TARGET_NAME)";
				SDKROOT = iphoneos;
				TEST_HOST = "$(BUNDLE_LOADER)";
				WRAPPER_EXTENSION = octest;
			};
			name = Release;
		};
/* End XCBuildConfiguration section */

/* Begin XCConfigurationList section */
		560FA0C5137991AD0017EE25 /* Build configuration list for PBXProject "Moonlander" */ = {
			isa = XCConfigurationList;
			buildConfigurations = (
				560FA105137991AE0017EE25 /* Debug */,
				560FA106137991AE0017EE25 /* Release */,
			);
			defaultConfigurationIsVisible = 0;
			defaultConfigurationName = Release;
		};
		560FA107137991AE0017EE25 /* Build configuration list for PBXNativeTarget "Moonlander" */ = {
			isa = XCConfigurationList;
			buildConfigurations = (
				560FA108137991AE0017EE25 /* Debug */,
				560FA109137991AE0017EE25 /* Release */,
			);
			defaultConfigurationIsVisible = 0;
			defaultConfigurationName = Release;
		};
		560FA10A137991AE0017EE25 /* Build configuration list for PBXNativeTarget "MoonlanderTests" */ = {
			isa = XCConfigurationList;
			buildConfigurations = (
				560FA10B137991AE0017EE25 /* Debug */,
				560FA10C137991AE0017EE25 /* Release */,
			);
			defaultConfigurationIsVisible = 0;
			defaultConfigurationName = Release;
		};
/* End XCConfigurationList section */
	};
	rootObject = 560FA0C2137991AD0017EE25 /* Project object */;
}
