// !$*UTF8*$!
{
	archiveVersion = 1;
	classes = {
	};
	objectVersion = 46;
	objects = {

/* Begin PBXBuildFile section */
		560FA0D0137991AD0017EE25 /* UIKit.framework in Frameworks */ = {isa = PBXBuildFile; fileRef = 560FA0CF137991AD0017EE25 /* UIKit.framework */; };
		560FA0D2137991AD0017EE25 /* Foundation.framework in Frameworks */ = {isa = PBXBuildFile; fileRef = 560FA0D1137991AD0017EE25 /* Foundation.framework */; };
		560FA0D4137991AD0017EE25 /* CoreGraphics.framework in Frameworks */ = {isa = PBXBuildFile; fileRef = 560FA0D3137991AD0017EE25 /* CoreGraphics.framework */; };
		560FA0DA137991AE0017EE25 /* InfoPlist.strings in Resources */ = {isa = PBXBuildFile; fileRef = 560FA0D8137991AE0017EE25 /* InfoPlist.strings */; };
		560FA0DD137991AE0017EE25 /* main.m in Sources */ = {isa = PBXBuildFile; fileRef = 560FA0DC137991AE0017EE25 /* main.m */; };
		560FA0E0137991AE0017EE25 /* MoonlanderAppDelegate.m in Sources */ = {isa = PBXBuildFile; fileRef = 560FA0DF137991AE0017EE25 /* MoonlanderAppDelegate.m */; };
		560FA0E4137991AE0017EE25 /* MoonlanderAppDelegate_iPhone.m in Sources */ = {isa = PBXBuildFile; fileRef = 560FA0E3137991AE0017EE25 /* MoonlanderAppDelegate_iPhone.m */; };
		560FA0E7137991AE0017EE25 /* Moonlander_iPhone.xib in Resources */ = {isa = PBXBuildFile; fileRef = 560FA0E5137991AE0017EE25 /* Moonlander_iPhone.xib */; };
		560FA0EB137991AE0017EE25 /* MoonlanderAppDelegate_iPad.m in Sources */ = {isa = PBXBuildFile; fileRef = 560FA0EA137991AE0017EE25 /* MoonlanderAppDelegate_iPad.m */; };
		560FA0EE137991AE0017EE25 /* Moonlander_iPad.xib in Resources */ = {isa = PBXBuildFile; fileRef = 560FA0EC137991AE0017EE25 /* Moonlander_iPad.xib */; };
		560FA0F5137991AE0017EE25 /* UIKit.framework in Frameworks */ = {isa = PBXBuildFile; fileRef = 560FA0CF137991AD0017EE25 /* UIKit.framework */; };
		560FA0F6137991AE0017EE25 /* Foundation.framework in Frameworks */ = {isa = PBXBuildFile; fileRef = 560FA0D1137991AD0017EE25 /* Foundation.framework */; };
		560FA0F7137991AE0017EE25 /* CoreGraphics.framework in Frameworks */ = {isa = PBXBuildFile; fileRef = 560FA0D3137991AD0017EE25 /* CoreGraphics.framework */; };
		560FA0FF137991AE0017EE25 /* InfoPlist.strings in Resources */ = {isa = PBXBuildFile; fileRef = 560FA0FD137991AE0017EE25 /* InfoPlist.strings */; };
		560FA102137991AE0017EE25 /* MoonlanderTests.h in Resources */ = {isa = PBXBuildFile; fileRef = 560FA101137991AE0017EE25 /* MoonlanderTests.h */; };
		560FA104137991AE0017EE25 /* MoonlanderTests.m in Sources */ = {isa = PBXBuildFile; fileRef = 560FA103137991AE0017EE25 /* MoonlanderTests.m */; };
		560FA110137992E40017EE25 /* LanderPhysicsModel.m in Sources */ = {isa = PBXBuildFile; fileRef = 560FA10F137992E40017EE25 /* LanderPhysicsModel.m */; };
		560FA111137992E40017EE25 /* LanderPhysicsModel.m in Sources */ = {isa = PBXBuildFile; fileRef = 560FA10F137992E40017EE25 /* LanderPhysicsModel.m */; };
		560FA1371379BEAB0017EE25 /* LanderViewController_iPad.m in Sources */ = {isa = PBXBuildFile; fileRef = 560FA1351379BEAA0017EE25 /* LanderViewController_iPad.m */; };
		560FA1381379BEAB0017EE25 /* LanderViewController_iPad.m in Sources */ = {isa = PBXBuildFile; fileRef = 560FA1351379BEAA0017EE25 /* LanderViewController_iPad.m */; };
		560FA1391379BEAB0017EE25 /* LanderViewController_iPad.xib in Resources */ = {isa = PBXBuildFile; fileRef = 560FA1361379BEAA0017EE25 /* LanderViewController_iPad.xib */; };
		560FA13A1379BEAB0017EE25 /* LanderViewController_iPad.xib in Resources */ = {isa = PBXBuildFile; fileRef = 560FA1361379BEAA0017EE25 /* LanderViewController_iPad.xib */; };
		562CB7BB137F3AE6003CB9B5 /* LargeLeftArrow.plist in Resources */ = {isa = PBXBuildFile; fileRef = 562CB7BA137F3AE6003CB9B5 /* LargeLeftArrow.plist */; };
		563B158A137A1DD100E77EA8 /* lunar.bas in Resources */ = {isa = PBXBuildFile; fileRef = 563B1589137A1DD100E77EA8 /* lunar.bas */; };
		563B158D137A1DFC00E77EA8 /* gtlem.mac in Resources */ = {isa = PBXBuildFile; fileRef = 563B158B137A1DFC00E77EA8 /* gtlem.mac */; };
		563B158E137A1DFC00E77EA8 /* rtlem.mac in Resources */ = {isa = PBXBuildFile; fileRef = 563B158C137A1DFC00E77EA8 /* rtlem.mac */; };
		564BE59E13800F3400D790D9 /* VGButton.m in Sources */ = {isa = PBXBuildFile; fileRef = 564BE59D13800F3400D790D9 /* VGButton.m */; };
		564BE5C413801C0F00D790D9 /* VGSlider.m in Sources */ = {isa = PBXBuildFile; fileRef = 564BE5C313801C0F00D790D9 /* VGSlider.m */; };
		564BE5C613801CAC00D790D9 /* ThrusterControl.plist in Resources */ = {isa = PBXBuildFile; fileRef = 564BE5C513801CAC00D790D9 /* ThrusterControl.plist */; };
		5695F1DA137F753B0075CD26 /* LargeRightArrow.plist in Resources */ = {isa = PBXBuildFile; fileRef = 5695F1D7137F753B0075CD26 /* LargeRightArrow.plist */; };
		5695F1DB137F753B0075CD26 /* SmallLeftArrow.plist in Resources */ = {isa = PBXBuildFile; fileRef = 5695F1D8137F753B0075CD26 /* SmallLeftArrow.plist */; };
		5695F1DC137F753B0075CD26 /* SmallRightArrow.plist in Resources */ = {isa = PBXBuildFile; fileRef = 5695F1D9137F753B0075CD26 /* SmallRightArrow.plist */; };
		56A480C3137C6C5500742877 /* LanderPhysicsConstants.m in Sources */ = {isa = PBXBuildFile; fileRef = 56A480C2137C6C5500742877 /* LanderPhysicsConstants.m */; };
		56E80E4C137E4CC3009E7F15 /* Lander.plist in Resources */ = {isa = PBXBuildFile; fileRef = 56E80E4B137E4CC3009E7F15 /* Lander.plist */; };
		56E80E60137E599E009E7F15 /* VGView.m in Sources */ = {isa = PBXBuildFile; fileRef = 56E80E5F137E599E009E7F15 /* VGView.m */; };
/* End PBXBuildFile section */

/* Begin PBXContainerItemProxy section */
		560FA0F8137991AE0017EE25 /* PBXContainerItemProxy */ = {
			isa = PBXContainerItemProxy;
			containerPortal = 560FA0C2137991AD0017EE25 /* Project object */;
			proxyType = 1;
			remoteGlobalIDString = 560FA0CA137991AD0017EE25;
			remoteInfo = Moonlander;
		};
/* End PBXContainerItemProxy section */

/* Begin PBXFileReference section */
		560FA0CB137991AD0017EE25 /* Moonlander.app */ = {isa = PBXFileReference; explicitFileType = wrapper.application; includeInIndex = 0; path = Moonlander.app; sourceTree = BUILT_PRODUCTS_DIR; };
		560FA0CF137991AD0017EE25 /* UIKit.framework */ = {isa = PBXFileReference; lastKnownFileType = wrapper.framework; name = UIKit.framework; path = System/Library/Frameworks/UIKit.framework; sourceTree = SDKROOT; };
		560FA0D1137991AD0017EE25 /* Foundation.framework */ = {isa = PBXFileReference; lastKnownFileType = wrapper.framework; name = Foundation.framework; path = System/Library/Frameworks/Foundation.framework; sourceTree = SDKROOT; };
		560FA0D3137991AD0017EE25 /* CoreGraphics.framework */ = {isa = PBXFileReference; lastKnownFileType = wrapper.framework; name = CoreGraphics.framework; path = System/Library/Frameworks/CoreGraphics.framework; sourceTree = SDKROOT; };
		560FA0D7137991AE0017EE25 /* Moonlander-Info.plist */ = {isa = PBXFileReference; lastKnownFileType = text.plist.xml; path = "Moonlander-Info.plist"; sourceTree = "<group>"; };
		560FA0D9137991AE0017EE25 /* en */ = {isa = PBXFileReference; lastKnownFileType = text.plist.strings; name = en; path = en.lproj/InfoPlist.strings; sourceTree = "<group>"; };
		560FA0DB137991AE0017EE25 /* Moonlander-Prefix.pch */ = {isa = PBXFileReference; lastKnownFileType = sourcecode.c.h; path = "Moonlander-Prefix.pch"; sourceTree = "<group>"; };
		560FA0DC137991AE0017EE25 /* main.m */ = {isa = PBXFileReference; lastKnownFileType = sourcecode.c.objc; path = main.m; sourceTree = "<group>"; };
		560FA0DE137991AE0017EE25 /* MoonlanderAppDelegate.h */ = {isa = PBXFileReference; lastKnownFileType = sourcecode.c.h; path = MoonlanderAppDelegate.h; sourceTree = "<group>"; };
		560FA0DF137991AE0017EE25 /* MoonlanderAppDelegate.m */ = {isa = PBXFileReference; lastKnownFileType = sourcecode.c.objc; path = MoonlanderAppDelegate.m; sourceTree = "<group>"; };
		560FA0E2137991AE0017EE25 /* MoonlanderAppDelegate_iPhone.h */ = {isa = PBXFileReference; lastKnownFileType = sourcecode.c.h; name = MoonlanderAppDelegate_iPhone.h; path = iPhone/MoonlanderAppDelegate_iPhone.h; sourceTree = "<group>"; };
		560FA0E3137991AE0017EE25 /* MoonlanderAppDelegate_iPhone.m */ = {isa = PBXFileReference; lastKnownFileType = sourcecode.c.objc; name = MoonlanderAppDelegate_iPhone.m; path = iPhone/MoonlanderAppDelegate_iPhone.m; sourceTree = "<group>"; };
		560FA0E6137991AE0017EE25 /* en */ = {isa = PBXFileReference; lastKnownFileType = file.xib; name = en; path = iPhone/en.lproj/Moonlander_iPhone.xib; sourceTree = "<group>"; };
		560FA0E9137991AE0017EE25 /* MoonlanderAppDelegate_iPad.h */ = {isa = PBXFileReference; lastKnownFileType = sourcecode.c.h; name = MoonlanderAppDelegate_iPad.h; path = iPad/MoonlanderAppDelegate_iPad.h; sourceTree = "<group>"; };
		560FA0EA137991AE0017EE25 /* MoonlanderAppDelegate_iPad.m */ = {isa = PBXFileReference; lastKnownFileType = sourcecode.c.objc; name = MoonlanderAppDelegate_iPad.m; path = iPad/MoonlanderAppDelegate_iPad.m; sourceTree = "<group>"; };
		560FA0ED137991AE0017EE25 /* en */ = {isa = PBXFileReference; lastKnownFileType = file.xib; name = en; path = iPad/en.lproj/Moonlander_iPad.xib; sourceTree = "<group>"; };
		560FA0F4137991AE0017EE25 /* MoonlanderTests.octest */ = {isa = PBXFileReference; explicitFileType = wrapper.cfbundle; includeInIndex = 0; path = MoonlanderTests.octest; sourceTree = BUILT_PRODUCTS_DIR; };
		560FA0FC137991AE0017EE25 /* MoonlanderTests-Info.plist */ = {isa = PBXFileReference; lastKnownFileType = text.plist.xml; path = "MoonlanderTests-Info.plist"; sourceTree = "<group>"; };
		560FA0FE137991AE0017EE25 /* en */ = {isa = PBXFileReference; lastKnownFileType = text.plist.strings; name = en; path = en.lproj/InfoPlist.strings; sourceTree = "<group>"; };
		560FA100137991AE0017EE25 /* MoonlanderTests-Prefix.pch */ = {isa = PBXFileReference; lastKnownFileType = sourcecode.c.h; path = "MoonlanderTests-Prefix.pch"; sourceTree = "<group>"; };
		560FA101137991AE0017EE25 /* MoonlanderTests.h */ = {isa = PBXFileReference; lastKnownFileType = sourcecode.c.h; path = MoonlanderTests.h; sourceTree = "<group>"; };
		560FA103137991AE0017EE25 /* MoonlanderTests.m */ = {isa = PBXFileReference; lastKnownFileType = sourcecode.c.objc; path = MoonlanderTests.m; sourceTree = "<group>"; };
		560FA10E137992E40017EE25 /* LanderPhysicsModel.h */ = {isa = PBXFileReference; fileEncoding = 4; lastKnownFileType = sourcecode.c.h; name = LanderPhysicsModel.h; path = "Lander Model/LanderPhysicsModel.h"; sourceTree = "<group>"; };
		560FA10F137992E40017EE25 /* LanderPhysicsModel.m */ = {isa = PBXFileReference; fileEncoding = 4; lastKnownFileType = sourcecode.c.objc; name = LanderPhysicsModel.m; path = "Lander Model/LanderPhysicsModel.m"; sourceTree = "<group>"; };
		560FA1341379BEAA0017EE25 /* LanderViewController_iPad.h */ = {isa = PBXFileReference; fileEncoding = 4; lastKnownFileType = sourcecode.c.h; name = LanderViewController_iPad.h; path = iPad/LanderViewController_iPad.h; sourceTree = "<group>"; };
		560FA1351379BEAA0017EE25 /* LanderViewController_iPad.m */ = {isa = PBXFileReference; fileEncoding = 4; lastKnownFileType = sourcecode.c.objc; name = LanderViewController_iPad.m; path = iPad/LanderViewController_iPad.m; sourceTree = "<group>"; };
		560FA1361379BEAA0017EE25 /* LanderViewController_iPad.xib */ = {isa = PBXFileReference; fileEncoding = 4; lastKnownFileType = file.xib; name = LanderViewController_iPad.xib; path = iPad/en.lproj/LanderViewController_iPad.xib; sourceTree = "<group>"; };
		560FA13E1379C95B0017EE25 /* LanderPhysicsDataSource.h */ = {isa = PBXFileReference; fileEncoding = 4; lastKnownFileType = sourcecode.c.h; name = LanderPhysicsDataSource.h; path = "Lander Model/LanderPhysicsDataSource.h"; sourceTree = "<group>"; };
		562CB7BA137F3AE6003CB9B5 /* LargeLeftArrow.plist */ = {isa = PBXFileReference; fileEncoding = 4; lastKnownFileType = text.plist.xml; name = LargeLeftArrow.plist; path = Resources/LargeLeftArrow.plist; sourceTree = "<group>"; };
		563B1589137A1DD100E77EA8 /* lunar.bas */ = {isa = PBXFileReference; fileEncoding = 4; lastKnownFileType = text; name = lunar.bas; path = Documentation/lunar.bas; sourceTree = "<group>"; };
		563B158B137A1DFC00E77EA8 /* gtlem.mac */ = {isa = PBXFileReference; fileEncoding = 4; lastKnownFileType = text; name = gtlem.mac; path = Documentation/gtlem.mac; sourceTree = "<group>"; };
		563B158C137A1DFC00E77EA8 /* rtlem.mac */ = {isa = PBXFileReference; fileEncoding = 4; lastKnownFileType = text; name = rtlem.mac; path = Documentation/rtlem.mac; sourceTree = "<group>"; };
		564BE59C13800F3400D790D9 /* VGButton.h */ = {isa = PBXFileReference; fileEncoding = 4; lastKnownFileType = sourcecode.c.h; name = VGButton.h; path = VectorGraphics/VGButton.h; sourceTree = "<group>"; };
		564BE59D13800F3400D790D9 /* VGButton.m */ = {isa = PBXFileReference; fileEncoding = 4; lastKnownFileType = sourcecode.c.objc; name = VGButton.m; path = VectorGraphics/VGButton.m; sourceTree = "<group>"; };
		564BE5C213801C0F00D790D9 /* VGSlider.h */ = {isa = PBXFileReference; fileEncoding = 4; lastKnownFileType = sourcecode.c.h; name = VGSlider.h; path = VectorGraphics/VGSlider.h; sourceTree = "<group>"; };
		564BE5C313801C0F00D790D9 /* VGSlider.m */ = {isa = PBXFileReference; fileEncoding = 4; lastKnownFileType = sourcecode.c.objc; name = VGSlider.m; path = VectorGraphics/VGSlider.m; sourceTree = "<group>"; };
		564BE5C513801CAC00D790D9 /* ThrusterControl.plist */ = {isa = PBXFileReference; fileEncoding = 4; lastKnownFileType = text.plist.xml; name = ThrusterControl.plist; path = Resources/ThrusterControl.plist; sourceTree = "<group>"; };
		564BE5D013801E0200D790D9 /* VGKit.h */ = {isa = PBXFileReference; fileEncoding = 4; lastKnownFileType = sourcecode.c.h; name = VGKit.h; path = VectorGraphics/VGKit.h; sourceTree = "<group>"; };
		5695F1D7137F753B0075CD26 /* LargeRightArrow.plist */ = {isa = PBXFileReference; fileEncoding = 4; lastKnownFileType = text.plist.xml; name = LargeRightArrow.plist; path = Resources/LargeRightArrow.plist; sourceTree = "<group>"; };
		5695F1D8137F753B0075CD26 /* SmallLeftArrow.plist */ = {isa = PBXFileReference; fileEncoding = 4; lastKnownFileType = text.plist.xml; name = SmallLeftArrow.plist; path = Resources/SmallLeftArrow.plist; sourceTree = "<group>"; };
		5695F1D9137F753B0075CD26 /* SmallRightArrow.plist */ = {isa = PBXFileReference; fileEncoding = 4; lastKnownFileType = text.plist.xml; name = SmallRightArrow.plist; path = Resources/SmallRightArrow.plist; sourceTree = "<group>"; };
		56A480B3137C5E3D00742877 /* LanderPhysicsDelegate.h */ = {isa = PBXFileReference; fileEncoding = 4; lastKnownFileType = sourcecode.c.h; name = LanderPhysicsDelegate.h; path = "Lander Model/LanderPhysicsDelegate.h"; sourceTree = "<group>"; };
		56A480C1137C6C5500742877 /* LanderPhysicsConstants.h */ = {isa = PBXFileReference; fileEncoding = 4; lastKnownFileType = sourcecode.c.h; name = LanderPhysicsConstants.h; path = "Lander Model/LanderPhysicsConstants.h"; sourceTree = "<group>"; };
		56A480C2137C6C5500742877 /* LanderPhysicsConstants.m */ = {isa = PBXFileReference; fileEncoding = 4; lastKnownFileType = sourcecode.c.objc; name = LanderPhysicsConstants.m; path = "Lander Model/LanderPhysicsConstants.m"; sourceTree = "<group>"; };
		56E80E4B137E4CC3009E7F15 /* Lander.plist */ = {isa = PBXFileReference; fileEncoding = 4; lastKnownFileType = text.plist.xml; name = Lander.plist; path = Resources/Lander.plist; sourceTree = "<group>"; };
		56E80E5E137E599D009E7F15 /* VGView.h */ = {isa = PBXFileReference; fileEncoding = 4; lastKnownFileType = sourcecode.c.h; name = VGView.h; path = VectorGraphics/VGView.h; sourceTree = "<group>"; };
		56E80E5F137E599E009E7F15 /* VGView.m */ = {isa = PBXFileReference; fileEncoding = 4; lastKnownFileType = sourcecode.c.objc; name = VGView.m; path = VectorGraphics/VGView.m; sourceTree = "<group>"; };
/* End PBXFileReference section */

/* Begin PBXFrameworksBuildPhase section */
		560FA0C8137991AD0017EE25 /* Frameworks */ = {
			isa = PBXFrameworksBuildPhase;
			buildActionMask = 2147483647;
			files = (
				560FA0D0137991AD0017EE25 /* UIKit.framework in Frameworks */,
				560FA0D2137991AD0017EE25 /* Foundation.framework in Frameworks */,
				560FA0D4137991AD0017EE25 /* CoreGraphics.framework in Frameworks */,
			);
			runOnlyForDeploymentPostprocessing = 0;
		};
		560FA0F0137991AE0017EE25 /* Frameworks */ = {
			isa = PBXFrameworksBuildPhase;
			buildActionMask = 2147483647;
			files = (
				560FA0F5137991AE0017EE25 /* UIKit.framework in Frameworks */,
				560FA0F6137991AE0017EE25 /* Foundation.framework in Frameworks */,
				560FA0F7137991AE0017EE25 /* CoreGraphics.framework in Frameworks */,
			);
			runOnlyForDeploymentPostprocessing = 0;
		};
/* End PBXFrameworksBuildPhase section */

/* Begin PBXGroup section */
		560FA0C0137991AD0017EE25 = {
			isa = PBXGroup;
			children = (
				560FA0D5137991AE0017EE25 /* Moonlander */,
				563B1586137A1D5600E77EA8 /* Documentation */,
				560FA0FA137991AE0017EE25 /* MoonlanderTests */,
				560FA0CE137991AD0017EE25 /* Frameworks */,
				560FA0CC137991AD0017EE25 /* Products */,
			);
			sourceTree = "<group>";
		};
		560FA0CC137991AD0017EE25 /* Products */ = {
			isa = PBXGroup;
			children = (
				560FA0CB137991AD0017EE25 /* Moonlander.app */,
				560FA0F4137991AE0017EE25 /* MoonlanderTests.octest */,
			);
			name = Products;
			sourceTree = "<group>";
		};
		560FA0CE137991AD0017EE25 /* Frameworks */ = {
			isa = PBXGroup;
			children = (
				560FA0CF137991AD0017EE25 /* UIKit.framework */,
				560FA0D1137991AD0017EE25 /* Foundation.framework */,
				560FA0D3137991AD0017EE25 /* CoreGraphics.framework */,
			);
			name = Frameworks;
			sourceTree = "<group>";
		};
		560FA0D5137991AE0017EE25 /* Moonlander */ = {
			isa = PBXGroup;
			children = (
				560FA0DE137991AE0017EE25 /* MoonlanderAppDelegate.h */,
				560FA0DF137991AE0017EE25 /* MoonlanderAppDelegate.m */,
				560FA0E1137991AE0017EE25 /* iPhone */,
				560FA0E8137991AE0017EE25 /* iPad */,
				5695F1A9137F52B50075CD26 /* Vector Graphics */,
				560FA10D1379923D0017EE25 /* Lander Model */,
				560FA13B1379C3900017EE25 /* Resources */,
				560FA0D6137991AE0017EE25 /* Supporting Files */,
			);
			path = Moonlander;
			sourceTree = "<group>";
		};
		560FA0D6137991AE0017EE25 /* Supporting Files */ = {
			isa = PBXGroup;
			children = (
				560FA0D7137991AE0017EE25 /* Moonlander-Info.plist */,
				560FA0D8137991AE0017EE25 /* InfoPlist.strings */,
				560FA0DB137991AE0017EE25 /* Moonlander-Prefix.pch */,
				560FA0DC137991AE0017EE25 /* main.m */,
			);
			name = "Supporting Files";
			sourceTree = "<group>";
		};
		560FA0E1137991AE0017EE25 /* iPhone */ = {
			isa = PBXGroup;
			children = (
				560FA0E2137991AE0017EE25 /* MoonlanderAppDelegate_iPhone.h */,
				560FA0E3137991AE0017EE25 /* MoonlanderAppDelegate_iPhone.m */,
				560FA0E5137991AE0017EE25 /* Moonlander_iPhone.xib */,
			);
			name = iPhone;
			sourceTree = "<group>";
		};
		560FA0E8137991AE0017EE25 /* iPad */ = {
			isa = PBXGroup;
			children = (
				560FA0E9137991AE0017EE25 /* MoonlanderAppDelegate_iPad.h */,
				560FA0EA137991AE0017EE25 /* MoonlanderAppDelegate_iPad.m */,
				560FA0EC137991AE0017EE25 /* Moonlander_iPad.xib */,
				560FA1341379BEAA0017EE25 /* LanderViewController_iPad.h */,
				560FA1351379BEAA0017EE25 /* LanderViewController_iPad.m */,
				560FA1361379BEAA0017EE25 /* LanderViewController_iPad.xib */,
			);
			name = iPad;
			sourceTree = "<group>";
		};
		560FA0FA137991AE0017EE25 /* MoonlanderTests */ = {
			isa = PBXGroup;
			children = (
				560FA101137991AE0017EE25 /* MoonlanderTests.h */,
				560FA103137991AE0017EE25 /* MoonlanderTests.m */,
				560FA0FB137991AE0017EE25 /* Supporting Files */,
			);
			path = MoonlanderTests;
			sourceTree = "<group>";
		};
		560FA0FB137991AE0017EE25 /* Supporting Files */ = {
			isa = PBXGroup;
			children = (
				560FA0FC137991AE0017EE25 /* MoonlanderTests-Info.plist */,
				560FA0FD137991AE0017EE25 /* InfoPlist.strings */,
				560FA100137991AE0017EE25 /* MoonlanderTests-Prefix.pch */,
			);
			name = "Supporting Files";
			sourceTree = "<group>";
		};
		560FA10D1379923D0017EE25 /* Lander Model */ = {
			isa = PBXGroup;
			children = (
				560FA10E137992E40017EE25 /* LanderPhysicsModel.h */,
				560FA10F137992E40017EE25 /* LanderPhysicsModel.m */,
				560FA13E1379C95B0017EE25 /* LanderPhysicsDataSource.h */,
				56A480B3137C5E3D00742877 /* LanderPhysicsDelegate.h */,
				56A480C1137C6C5500742877 /* LanderPhysicsConstants.h */,
				56A480C2137C6C5500742877 /* LanderPhysicsConstants.m */,
			);
			name = "Lander Model";
			sourceTree = "<group>";
		};
		560FA13B1379C3900017EE25 /* Resources */ = {
			isa = PBXGroup;
			children = (
				56E80E4B137E4CC3009E7F15 /* Lander.plist */,
				5695F1D8137F753B0075CD26 /* SmallLeftArrow.plist */,
				5695F1D9137F753B0075CD26 /* SmallRightArrow.plist */,
				562CB7BA137F3AE6003CB9B5 /* LargeLeftArrow.plist */,
				5695F1D7137F753B0075CD26 /* LargeRightArrow.plist */,
				564BE5C513801CAC00D790D9 /* ThrusterControl.plist */,
			);
			name = Resources;
			sourceTree = "<group>";
		};
		563B1586137A1D5600E77EA8 /* Documentation */ = {
			isa = PBXGroup;
			children = (
				563B158B137A1DFC00E77EA8 /* gtlem.mac */,
				563B158C137A1DFC00E77EA8 /* rtlem.mac */,
				563B1589137A1DD100E77EA8 /* lunar.bas */,
			);
			name = Documentation;
			path = Moonlander;
			sourceTree = "<group>";
		};
		5695F1A9137F52B50075CD26 /* Vector Graphics */ = {
			isa = PBXGroup;
			children = (
				564BE5D013801E0200D790D9 /* VGKit.h */,
				56E80E5E137E599D009E7F15 /* VGView.h */,
				56E80E5F137E599E009E7F15 /* VGView.m */,
				564BE59C13800F3400D790D9 /* VGButton.h */,
				564BE59D13800F3400D790D9 /* VGButton.m */,
				564BE5C213801C0F00D790D9 /* VGSlider.h */,
				564BE5C313801C0F00D790D9 /* VGSlider.m */,
			);
			name = "Vector Graphics";
			sourceTree = "<group>";
		};
/* End PBXGroup section */

/* Begin PBXNativeTarget section */
		560FA0CA137991AD0017EE25 /* Moonlander */ = {
			isa = PBXNativeTarget;
			buildConfigurationList = 560FA107137991AE0017EE25 /* Build configuration list for PBXNativeTarget "Moonlander" */;
			buildPhases = (
				560FA0C7137991AD0017EE25 /* Sources */,
				560FA0C8137991AD0017EE25 /* Frameworks */,
				560FA0C9137991AD0017EE25 /* Resources */,
			);
			buildRules = (
			);
			dependencies = (
			);
			name = Moonlander;
			productName = Moonlander;
			productReference = 560FA0CB137991AD0017EE25 /* Moonlander.app */;
			productType = "com.apple.product-type.application";
		};
		560FA0F3137991AE0017EE25 /* MoonlanderTests */ = {
			isa = PBXNativeTarget;
			buildConfigurationList = 560FA10A137991AE0017EE25 /* Build configuration list for PBXNativeTarget "MoonlanderTests" */;
			buildPhases = (
				560FA0EF137991AE0017EE25 /* Sources */,
				560FA0F0137991AE0017EE25 /* Frameworks */,
				560FA0F1137991AE0017EE25 /* Resources */,
				560FA0F2137991AE0017EE25 /* ShellScript */,
			);
			buildRules = (
			);
			dependencies = (
				560FA0F9137991AE0017EE25 /* PBXTargetDependency */,
			);
			name = MoonlanderTests;
			productName = MoonlanderTests;
			productReference = 560FA0F4137991AE0017EE25 /* MoonlanderTests.octest */;
			productType = "com.apple.product-type.bundle";
		};
/* End PBXNativeTarget section */

/* Begin PBXProject section */
		560FA0C2137991AD0017EE25 /* Project object */ = {
			isa = PBXProject;
			attributes = {
				ORGANIZATIONNAME = "Silly Goose Software";
			};
			buildConfigurationList = 560FA0C5137991AD0017EE25 /* Build configuration list for PBXProject "Moonlander" */;
			compatibilityVersion = "Xcode 3.2";
			developmentRegion = English;
			hasScannedForEncodings = 0;
			knownRegions = (
				en,
			);
			mainGroup = 560FA0C0137991AD0017EE25;
			productRefGroup = 560FA0CC137991AD0017EE25 /* Products */;
			projectDirPath = "";
			projectRoot = "";
			targets = (
				560FA0CA137991AD0017EE25 /* Moonlander */,
				560FA0F3137991AE0017EE25 /* MoonlanderTests */,
			);
		};
/* End PBXProject section */

/* Begin PBXResourcesBuildPhase section */
		560FA0C9137991AD0017EE25 /* Resources */ = {
			isa = PBXResourcesBuildPhase;
			buildActionMask = 2147483647;
			files = (
				560FA0DA137991AE0017EE25 /* InfoPlist.strings in Resources */,
				560FA0E7137991AE0017EE25 /* Moonlander_iPhone.xib in Resources */,
				560FA0EE137991AE0017EE25 /* Moonlander_iPad.xib in Resources */,
				560FA1391379BEAB0017EE25 /* LanderViewController_iPad.xib in Resources */,
				563B158A137A1DD100E77EA8 /* lunar.bas in Resources */,
				563B158D137A1DFC00E77EA8 /* gtlem.mac in Resources */,
				563B158E137A1DFC00E77EA8 /* rtlem.mac in Resources */,
				56E80E4C137E4CC3009E7F15 /* Lander.plist in Resources */,
				562CB7BB137F3AE6003CB9B5 /* LargeLeftArrow.plist in Resources */,
				5695F1DA137F753B0075CD26 /* LargeRightArrow.plist in Resources */,
				5695F1DB137F753B0075CD26 /* SmallLeftArrow.plist in Resources */,
				5695F1DC137F753B0075CD26 /* SmallRightArrow.plist in Resources */,
				564BE5C613801CAC00D790D9 /* ThrusterControl.plist in Resources */,
			);
			runOnlyForDeploymentPostprocessing = 0;
		};
		560FA0F1137991AE0017EE25 /* Resources */ = {
			isa = PBXResourcesBuildPhase;
			buildActionMask = 2147483647;
			files = (
				560FA0FF137991AE0017EE25 /* InfoPlist.strings in Resources */,
				560FA102137991AE0017EE25 /* MoonlanderTests.h in Resources */,
				560FA13A1379BEAB0017EE25 /* LanderViewController_iPad.xib in Resources */,
			);
			runOnlyForDeploymentPostprocessing = 0;
		};
/* End PBXResourcesBuildPhase section */

/* Begin PBXShellScriptBuildPhase section */
		560FA0F2137991AE0017EE25 /* ShellScript */ = {
			isa = PBXShellScriptBuildPhase;
			buildActionMask = 2147483647;
			files = (
			);
			inputPaths = (
			);
			outputPaths = (
			);
			runOnlyForDeploymentPostprocessing = 0;
			shellPath = /bin/sh;
			shellScript = "# Run the unit tests in this test bundle.\n\"${SYSTEM_DEVELOPER_DIR}/Tools/RunUnitTests\"\n";
		};
/* End PBXShellScriptBuildPhase section */

/* Begin PBXSourcesBuildPhase section */
		560FA0C7137991AD0017EE25 /* Sources */ = {
			isa = PBXSourcesBuildPhase;
			buildActionMask = 2147483647;
			files = (
				560FA0DD137991AE0017EE25 /* main.m in Sources */,
				560FA0E0137991AE0017EE25 /* MoonlanderAppDelegate.m in Sources */,
				560FA0E4137991AE0017EE25 /* MoonlanderAppDelegate_iPhone.m in Sources */,
				560FA0EB137991AE0017EE25 /* MoonlanderAppDelegate_iPad.m in Sources */,
				560FA110137992E40017EE25 /* LanderPhysicsModel.m in Sources */,
				560FA1371379BEAB0017EE25 /* LanderViewController_iPad.m in Sources */,
				56A480C3137C6C5500742877 /* LanderPhysicsConstants.m in Sources */,
				56E80E60137E599E009E7F15 /* VGView.m in Sources */,
				564BE59E13800F3400D790D9 /* VGButton.m in Sources */,
				564BE5C413801C0F00D790D9 /* VGSlider.m in Sources */,
			);
			runOnlyForDeploymentPostprocessing = 0;
		};
		560FA0EF137991AE0017EE25 /* Sources */ = {
			isa = PBXSourcesBuildPhase;
			buildActionMask = 2147483647;
			files = (
				560FA104137991AE0017EE25 /* MoonlanderTests.m in Sources */,
				560FA111137992E40017EE25 /* LanderPhysicsModel.m in Sources */,
				560FA1381379BEAB0017EE25 /* LanderViewController_iPad.m in Sources */,
			);
			runOnlyForDeploymentPostprocessing = 0;
		};
/* End PBXSourcesBuildPhase section */

/* Begin PBXTargetDependency section */
		560FA0F9137991AE0017EE25 /* PBXTargetDependency */ = {
			isa = PBXTargetDependency;
			target = 560FA0CA137991AD0017EE25 /* Moonlander */;
			targetProxy = 560FA0F8137991AE0017EE25 /* PBXContainerItemProxy */;
		};
/* End PBXTargetDependency section */

/* Begin PBXVariantGroup section */
		560FA0D8137991AE0017EE25 /* InfoPlist.strings */ = {
			isa = PBXVariantGroup;
			children = (
				560FA0D9137991AE0017EE25 /* en */,
			);
			name = InfoPlist.strings;
			sourceTree = "<group>";
		};
		560FA0E5137991AE0017EE25 /* Moonlander_iPhone.xib */ = {
			isa = PBXVariantGroup;
			children = (
				560FA0E6137991AE0017EE25 /* en */,
			);
			name = Moonlander_iPhone.xib;
			sourceTree = "<group>";
		};
		560FA0EC137991AE0017EE25 /* Moonlander_iPad.xib */ = {
			isa = PBXVariantGroup;
			children = (
				560FA0ED137991AE0017EE25 /* en */,
			);
			name = Moonlander_iPad.xib;
			sourceTree = "<group>";
		};
		560FA0FD137991AE0017EE25 /* InfoPlist.strings */ = {
			isa = PBXVariantGroup;
			children = (
				560FA0FE137991AE0017EE25 /* en */,
			);
			name = InfoPlist.strings;
			sourceTree = "<group>";
		};
/* End PBXVariantGroup section */

/* Begin XCBuildConfiguration section */
		560FA105137991AE0017EE25 /* Debug */ = {
			isa = XCBuildConfiguration;
			buildSettings = {
				ARCHS = "$(ARCHS_STANDARD_32_BIT)";
				"CODE_SIGN_IDENTITY[sdk=iphoneos*]" = "iPhone Developer";
				GCC_C_LANGUAGE_STANDARD = gnu99;
				GCC_OPTIMIZATION_LEVEL = 0;
				GCC_PREPROCESSOR_DEFINITIONS = DEBUG;
				GCC_SYMBOLS_PRIVATE_EXTERN = NO;
				GCC_VERSION = com.apple.compilers.llvmgcc42;
				GCC_WARN_ABOUT_RETURN_TYPE = YES;
				GCC_WARN_UNUSED_VARIABLE = YES;
				IPHONEOS_DEPLOYMENT_TARGET = 3.2;
				SDKROOT = iphoneos;
				TARGETED_DEVICE_FAMILY = "1,2";
			};
			name = Debug;
		};
		560FA106137991AE0017EE25 /* Release */ = {
			isa = XCBuildConfiguration;
			buildSettings = {
				ARCHS = "$(ARCHS_STANDARD_32_BIT)";
				"CODE_SIGN_IDENTITY[sdk=iphoneos*]" = "iPhone Developer";
				GCC_C_LANGUAGE_STANDARD = gnu99;
				GCC_VERSION = com.apple.compilers.llvmgcc42;
				GCC_WARN_ABOUT_RETURN_TYPE = YES;
				GCC_WARN_UNUSED_VARIABLE = YES;
				IPHONEOS_DEPLOYMENT_TARGET = 3.2;
				OTHER_CFLAGS = "-DNS_BLOCK_ASSERTIONS=1";
				SDKROOT = iphoneos;
				TARGETED_DEVICE_FAMILY = "1,2";
			};
			name = Release;
		};
		560FA108137991AE0017EE25 /* Debug */ = {
			isa = XCBuildConfiguration;
			buildSettings = {
				ALWAYS_SEARCH_USER_PATHS = NO;
				COPY_PHASE_STRIP = NO;
				GCC_DYNAMIC_NO_PIC = NO;
				GCC_PRECOMPILE_PREFIX_HEADER = YES;
				GCC_PREFIX_HEADER = "Moonlander/Moonlander-Prefix.pch";
				INFOPLIST_FILE = "Moonlander/Moonlander-Info.plist";
				PRODUCT_NAME = "$(TARGET_NAME)";
				WRAPPER_EXTENSION = app;
			};
			name = Debug;
		};
		560FA109137991AE0017EE25 /* Release */ = {
			isa = XCBuildConfiguration;
			buildSettings = {
				ALWAYS_SEARCH_USER_PATHS = NO;
				COPY_PHASE_STRIP = YES;
				GCC_PRECOMPILE_PREFIX_HEADER = YES;
				GCC_PREFIX_HEADER = "Moonlander/Moonlander-Prefix.pch";
				INFOPLIST_FILE = "Moonlander/Moonlander-Info.plist";
				PRODUCT_NAME = "$(TARGET_NAME)";
				VALIDATE_PRODUCT = YES;
				WRAPPER_EXTENSION = app;
			};
			name = Release;
		};
		560FA10B137991AE0017EE25 /* Debug */ = {
			isa = XCBuildConfiguration;
			buildSettings = {
				ALWAYS_SEARCH_USER_PATHS = NO;
				BUNDLE_LOADER = "$(BUILT_PRODUCTS_DIR)/Moonlander.app/Moonlander";
				FRAMEWORK_SEARCH_PATHS = (
					"$(SDKROOT)/Developer/Library/Frameworks",
					"$(DEVELOPER_LIBRARY_DIR)/Frameworks",
				);
				GCC_PRECOMPILE_PREFIX_HEADER = YES;
				GCC_PREFIX_HEADER = "MoonlanderTests/MoonlanderTests-Prefix.pch";
				INFOPLIST_FILE = "MoonlanderTests/MoonlanderTests-Info.plist";
				OTHER_LDFLAGS = (
					"-framework",
					SenTestingKit,
				);
				PRODUCT_NAME = "$(TARGET_NAME)";
				TEST_HOST = "$(BUNDLE_LOADER)";
				WRAPPER_EXTENSION = octest;
			};
			name = Debug;
		};
		560FA10C137991AE0017EE25 /* Release */ = {
			isa = XCBuildConfiguration;
			buildSettings = {
				ALWAYS_SEARCH_USER_PATHS = NO;
				BUNDLE_LOADER = "$(BUILT_PRODUCTS_DIR)/Moonlander.app/Moonlander";
				FRAMEWORK_SEARCH_PATHS = (
					"$(SDKROOT)/Developer/Library/Frameworks",
					"$(DEVELOPER_LIBRARY_DIR)/Frameworks",
				);
				GCC_PRECOMPILE_PREFIX_HEADER = YES;
				GCC_PREFIX_HEADER = "MoonlanderTests/MoonlanderTests-Prefix.pch";
				INFOPLIST_FILE = "MoonlanderTests/MoonlanderTests-Info.plist";
				OTHER_LDFLAGS = (
					"-framework",
					SenTestingKit,
				);
				PRODUCT_NAME = "$(TARGET_NAME)";
				TEST_HOST = "$(BUNDLE_LOADER)";
				WRAPPER_EXTENSION = octest;
			};
			name = Release;
		};
/* End XCBuildConfiguration section */

/* Begin XCConfigurationList section */
		560FA0C5137991AD0017EE25 /* Build configuration list for PBXProject "Moonlander" */ = {
			isa = XCConfigurationList;
			buildConfigurations = (
				560FA105137991AE0017EE25 /* Debug */,
				560FA106137991AE0017EE25 /* Release */,
			);
			defaultConfigurationIsVisible = 0;
			defaultConfigurationName = Release;
		};
		560FA107137991AE0017EE25 /* Build configuration list for PBXNativeTarget "Moonlander" */ = {
			isa = XCConfigurationList;
			buildConfigurations = (
				560FA108137991AE0017EE25 /* Debug */,
				560FA109137991AE0017EE25 /* Release */,
			);
			defaultConfigurationIsVisible = 0;
			defaultConfigurationName = Release;
		};
		560FA10A137991AE0017EE25 /* Build configuration list for PBXNativeTarget "MoonlanderTests" */ = {
			isa = XCConfigurationList;
			buildConfigurations = (
				560FA10B137991AE0017EE25 /* Debug */,
				560FA10C137991AE0017EE25 /* Release */,
			);
			defaultConfigurationIsVisible = 0;
			defaultConfigurationName = Release;
		};
/* End XCConfigurationList section */
	};
	rootObject = 560FA0C2137991AD0017EE25 /* Project object */;
}
